// !$*UTF8*$!
{
	archiveVersion = 1;
	classes = {
	};
	objectVersion = 46;
	objects = {

/* Begin PBXBuildFile section */
		E101B582187A1DB2009DB67A /* blank.png in Resources */ = {isa = PBXBuildFile; fileRef = E101B581187A1DB2009DB67A /* blank.png */; };
		E13A75D917C1E176005CC2CD /* BGBackupManager.m in Sources */ = {isa = PBXBuildFile; fileRef = E13A75D817C1E176005CC2CD /* BGBackupManager.m */; };
		E13A75DC17C26D70005CC2CD /* BGBackup.m in Sources */ = {isa = PBXBuildFile; fileRef = E13A75DB17C26D70005CC2CD /* BGBackup.m */; };
		E1678870187753D300501FD1 /* BMModel.m in Sources */ = {isa = PBXBuildFile; fileRef = E167886F187753D300501FD1 /* BMModel.m */; };
		E1707D2E18133524009E1242 /* UnicodeDictionary.m in Sources */ = {isa = PBXBuildFile; fileRef = E1707D2D18133524009E1242 /* UnicodeDictionary.m */; };
		E1707D3018133626009E1242 /* Images.xcassets in Resources */ = {isa = PBXBuildFile; fileRef = E1707D2F18133626009E1242 /* Images.xcassets */; };
		E1707D3318133A61009E1242 /* BGCourseAddViewController.m in Sources */ = {isa = PBXBuildFile; fileRef = E1707D3218133A61009E1242 /* BGCourseAddViewController.m */; };
		E1707D3618133D93009E1242 /* BGCriteriaAddViewController.m in Sources */ = {isa = PBXBuildFile; fileRef = E1707D3518133D93009E1242 /* BGCriteriaAddViewController.m */; };
		E1707D38181341DD009E1242 /* StoreKit.framework in Frameworks */ = {isa = PBXBuildFile; fileRef = E1707D37181341DD009E1242 /* StoreKit.framework */; };
		E1707D3B18136137009E1242 /* BGAssignmentAddViewController.m in Sources */ = {isa = PBXBuildFile; fileRef = E1707D3A18136137009E1242 /* BGAssignmentAddViewController.m */; };
		E179992C18D6221C00DBCD2F /* breadgrader.xcdatamodeld in Sources */ = {isa = PBXBuildFile; fileRef = E179992918D6221C00DBCD2F /* breadgrader.xcdatamodeld */; };
		E186505418131FBC00A0F7EF /* doc in Resources */ = {isa = PBXBuildFile; fileRef = E186502418131FBC00A0F7EF /* doc */; };
		E186505618131FBC00A0F7EF /* BIColorAlertView.m in Sources */ = {isa = PBXBuildFile; fileRef = E186503618131FBC00A0F7EF /* BIColorAlertView.m */; };
		E186505718131FBC00A0F7EF /* BIInfoCell.m in Sources */ = {isa = PBXBuildFile; fileRef = E186503718131FBC00A0F7EF /* BIInfoCell.m */; };
		E186505818131FBC00A0F7EF /* BIInfoLayout.m in Sources */ = {isa = PBXBuildFile; fileRef = E186503818131FBC00A0F7EF /* BIInfoLayout.m */; };
		E186505918131FBC00A0F7EF /* BIInfoViewController.m in Sources */ = {isa = PBXBuildFile; fileRef = E186503918131FBC00A0F7EF /* BIInfoViewController.m */; };
		E186505A18131FBC00A0F7EF /* BIListCell.m in Sources */ = {isa = PBXBuildFile; fileRef = E186503A18131FBC00A0F7EF /* BIListCell.m */; };
		E186505B18131FBC00A0F7EF /* BIListViewController+CoreDataFetch.m in Sources */ = {isa = PBXBuildFile; fileRef = E186503B18131FBC00A0F7EF /* BIListViewController+CoreDataFetch.m */; };
		E186505C18131FBC00A0F7EF /* BIListViewController.m in Sources */ = {isa = PBXBuildFile; fileRef = E186503C18131FBC00A0F7EF /* BIListViewController.m */; };
		E186505D18131FBC00A0F7EF /* BIShareableItem.m in Sources */ = {isa = PBXBuildFile; fileRef = E186503D18131FBC00A0F7EF /* BIShareableItem.m */; };
		E186505E18131FBC00A0F7EF /* BITableViewController.m in Sources */ = {isa = PBXBuildFile; fileRef = E186503E18131FBC00A0F7EF /* BITableViewController.m */; };
		E186505F18131FBC00A0F7EF /* BIViewController.m in Sources */ = {isa = PBXBuildFile; fileRef = E186503F18131FBC00A0F7EF /* BIViewController.m */; };
		E186506018131FBC00A0F7EF /* BIWebViewController.m in Sources */ = {isa = PBXBuildFile; fileRef = E186504018131FBC00A0F7EF /* BIWebViewController.m */; };
		E186506118131FBC00A0F7EF /* UIBarButtonItem+borderlessButtons.m in Sources */ = {isa = PBXBuildFile; fileRef = E186504118131FBC00A0F7EF /* UIBarButtonItem+borderlessButtons.m */; };
		E192796F18775CDC00E41808 /* NSObject+introspection.m in Sources */ = {isa = PBXBuildFile; fileRef = E192796E18775CDC00E41808 /* NSObject+introspection.m */; };
		E193DFCD17B2C3A600DF6A02 /* Appirater.m in Sources */ = {isa = PBXBuildFile; fileRef = E193DFCB17B2C3A500DF6A02 /* Appirater.m */; };
		E193DFCE17B2C3A600DF6A02 /* Appirater.m in Sources */ = {isa = PBXBuildFile; fileRef = E193DFCB17B2C3A500DF6A02 /* Appirater.m */; };
		E193DFD317B2C45C00DF6A02 /* SystemConfiguration.framework in Frameworks */ = {isa = PBXBuildFile; fileRef = E193DFD217B2C45C00DF6A02 /* SystemConfiguration.framework */; };
		E193DFD517B2C46100DF6A02 /* CFNetwork.framework in Frameworks */ = {isa = PBXBuildFile; fileRef = E193DFD417B2C46100DF6A02 /* CFNetwork.framework */; };
		E193DFDD17B2C9BD00DF6A02 /* AVFoundation.framework in Frameworks */ = {isa = PBXBuildFile; fileRef = E193DFDC17B2C9BD00DF6A02 /* AVFoundation.framework */; };
		E19706AB17B1C28700FFFD70 /* UIKit.framework in Frameworks */ = {isa = PBXBuildFile; fileRef = E19706AA17B1C28700FFFD70 /* UIKit.framework */; };
		E19706AD17B1C28700FFFD70 /* Foundation.framework in Frameworks */ = {isa = PBXBuildFile; fileRef = E19706AC17B1C28700FFFD70 /* Foundation.framework */; };
		E19706B117B1C28700FFFD70 /* CoreData.framework in Frameworks */ = {isa = PBXBuildFile; fileRef = E19706B017B1C28700FFFD70 /* CoreData.framework */; };
		E19706B717B1C28700FFFD70 /* InfoPlist.strings in Resources */ = {isa = PBXBuildFile; fileRef = E19706B517B1C28700FFFD70 /* InfoPlist.strings */; };
		E19706B917B1C28700FFFD70 /* main.m in Sources */ = {isa = PBXBuildFile; fileRef = E19706B817B1C28700FFFD70 /* main.m */; };
		E19706CE17B1C28700FFFD70 /* SenTestingKit.framework in Frameworks */ = {isa = PBXBuildFile; fileRef = E19706CD17B1C28700FFFD70 /* SenTestingKit.framework */; };
		E19706CF17B1C28700FFFD70 /* UIKit.framework in Frameworks */ = {isa = PBXBuildFile; fileRef = E19706AA17B1C28700FFFD70 /* UIKit.framework */; };
		E19706D017B1C28700FFFD70 /* Foundation.framework in Frameworks */ = {isa = PBXBuildFile; fileRef = E19706AC17B1C28700FFFD70 /* Foundation.framework */; };
		E19706D117B1C28700FFFD70 /* CoreData.framework in Frameworks */ = {isa = PBXBuildFile; fileRef = E19706B017B1C28700FFFD70 /* CoreData.framework */; };
		E19706D917B1C28700FFFD70 /* InfoPlist.strings in Resources */ = {isa = PBXBuildFile; fileRef = E19706D717B1C28700FFFD70 /* InfoPlist.strings */; };
		E19706DC17B1C28700FFFD70 /* breadgraderTests.m in Sources */ = {isa = PBXBuildFile; fileRef = E19706DB17B1C28700FFFD70 /* breadgraderTests.m */; };
		E19706F717B1C44400FFFD70 /* Course.m in Sources */ = {isa = PBXBuildFile; fileRef = E19706E917B1C44400FFFD70 /* Course.m */; };
		E19706F817B1C44400FFFD70 /* Course.m in Sources */ = {isa = PBXBuildFile; fileRef = E19706E917B1C44400FFFD70 /* Course.m */; };
		E19706F917B1C44400FFFD70 /* Course+methods.m in Sources */ = {isa = PBXBuildFile; fileRef = E19706EB17B1C44400FFFD70 /* Course+methods.m */; };
		E19706FA17B1C44400FFFD70 /* Course+methods.m in Sources */ = {isa = PBXBuildFile; fileRef = E19706EB17B1C44400FFFD70 /* Course+methods.m */; };
		E19706FB17B1C44400FFFD70 /* Criteria.m in Sources */ = {isa = PBXBuildFile; fileRef = E19706ED17B1C44400FFFD70 /* Criteria.m */; };
		E19706FC17B1C44400FFFD70 /* Criteria.m in Sources */ = {isa = PBXBuildFile; fileRef = E19706ED17B1C44400FFFD70 /* Criteria.m */; };
		E19706FD17B1C44400FFFD70 /* Criteria+methods.m in Sources */ = {isa = PBXBuildFile; fileRef = E19706EF17B1C44400FFFD70 /* Criteria+methods.m */; };
		E19706FE17B1C44400FFFD70 /* Criteria+methods.m in Sources */ = {isa = PBXBuildFile; fileRef = E19706EF17B1C44400FFFD70 /* Criteria+methods.m */; };
		E19706FF17B1C44400FFFD70 /* Assignment.m in Sources */ = {isa = PBXBuildFile; fileRef = E19706F117B1C44400FFFD70 /* Assignment.m */; };
		E197070017B1C44400FFFD70 /* Assignment.m in Sources */ = {isa = PBXBuildFile; fileRef = E19706F117B1C44400FFFD70 /* Assignment.m */; };
		E197070117B1C44400FFFD70 /* Assignment+methods.m in Sources */ = {isa = PBXBuildFile; fileRef = E19706F317B1C44400FFFD70 /* Assignment+methods.m */; };
		E197070217B1C44400FFFD70 /* Assignment+methods.m in Sources */ = {isa = PBXBuildFile; fileRef = E19706F317B1C44400FFFD70 /* Assignment+methods.m */; };
		E197070317B1C44400FFFD70 /* BGGradeInfo.m in Sources */ = {isa = PBXBuildFile; fileRef = E19706F517B1C44400FFFD70 /* BGGradeInfo.m */; };
		E197070417B1C44400FFFD70 /* BGGradeInfo.m in Sources */ = {isa = PBXBuildFile; fileRef = E19706F517B1C44400FFFD70 /* BGGradeInfo.m */; };
		E197071F17B1C49400FFFD70 /* BGCourseListViewController.m in Sources */ = {isa = PBXBuildFile; fileRef = E197070A17B1C49400FFFD70 /* BGCourseListViewController.m */; };
		E197072017B1C49400FFFD70 /* BGCourseListViewController.m in Sources */ = {isa = PBXBuildFile; fileRef = E197070A17B1C49400FFFD70 /* BGCourseListViewController.m */; };
		E197072117B1C49400FFFD70 /* BGCourseInfoLayout.m in Sources */ = {isa = PBXBuildFile; fileRef = E197070C17B1C49400FFFD70 /* BGCourseInfoLayout.m */; };
		E197072217B1C49400FFFD70 /* BGCourseInfoLayout.m in Sources */ = {isa = PBXBuildFile; fileRef = E197070C17B1C49400FFFD70 /* BGCourseInfoLayout.m */; };
		E197072317B1C49400FFFD70 /* BGCourseInfoViewController.m in Sources */ = {isa = PBXBuildFile; fileRef = E197070E17B1C49400FFFD70 /* BGCourseInfoViewController.m */; };
		E197072417B1C49400FFFD70 /* BGCourseInfoViewController.m in Sources */ = {isa = PBXBuildFile; fileRef = E197070E17B1C49400FFFD70 /* BGCourseInfoViewController.m */; };
		E197072517B1C49400FFFD70 /* BGCourseSubjectPickerViewController.m in Sources */ = {isa = PBXBuildFile; fileRef = E197071017B1C49400FFFD70 /* BGCourseSubjectPickerViewController.m */; };
		E197072617B1C49400FFFD70 /* BGCourseSubjectPickerViewController.m in Sources */ = {isa = PBXBuildFile; fileRef = E197071017B1C49400FFFD70 /* BGCourseSubjectPickerViewController.m */; };
		E197072717B1C49400FFFD70 /* BGCriteriaInfoLayout.m in Sources */ = {isa = PBXBuildFile; fileRef = E197071217B1C49400FFFD70 /* BGCriteriaInfoLayout.m */; };
		E197072817B1C49400FFFD70 /* BGCriteriaInfoLayout.m in Sources */ = {isa = PBXBuildFile; fileRef = E197071217B1C49400FFFD70 /* BGCriteriaInfoLayout.m */; };
		E197072917B1C49400FFFD70 /* BGCriteriaInfoViewController.m in Sources */ = {isa = PBXBuildFile; fileRef = E197071417B1C49400FFFD70 /* BGCriteriaInfoViewController.m */; };
		E197072A17B1C49400FFFD70 /* BGCriteriaInfoViewController.m in Sources */ = {isa = PBXBuildFile; fileRef = E197071417B1C49400FFFD70 /* BGCriteriaInfoViewController.m */; };
		E197072B17B1C49400FFFD70 /* BGCriteriaListViewController.m in Sources */ = {isa = PBXBuildFile; fileRef = E197071617B1C49400FFFD70 /* BGCriteriaListViewController.m */; };
		E197072C17B1C49400FFFD70 /* BGCriteriaListViewController.m in Sources */ = {isa = PBXBuildFile; fileRef = E197071617B1C49400FFFD70 /* BGCriteriaListViewController.m */; };
		E197072D17B1C49400FFFD70 /* BGCriteriaTypePickerViewController.m in Sources */ = {isa = PBXBuildFile; fileRef = E197071817B1C49400FFFD70 /* BGCriteriaTypePickerViewController.m */; };
		E197072E17B1C49400FFFD70 /* BGCriteriaTypePickerViewController.m in Sources */ = {isa = PBXBuildFile; fileRef = E197071817B1C49400FFFD70 /* BGCriteriaTypePickerViewController.m */; };
		E197072F17B1C49400FFFD70 /* BGAssignmentInfoLayout.m in Sources */ = {isa = PBXBuildFile; fileRef = E197071A17B1C49400FFFD70 /* BGAssignmentInfoLayout.m */; };
		E197073017B1C49400FFFD70 /* BGAssignmentInfoLayout.m in Sources */ = {isa = PBXBuildFile; fileRef = E197071A17B1C49400FFFD70 /* BGAssignmentInfoLayout.m */; };
		E197073117B1C49400FFFD70 /* BGAssignmentInfoViewController.m in Sources */ = {isa = PBXBuildFile; fileRef = E197071C17B1C49400FFFD70 /* BGAssignmentInfoViewController.m */; };
		E197073217B1C49400FFFD70 /* BGAssignmentInfoViewController.m in Sources */ = {isa = PBXBuildFile; fileRef = E197071C17B1C49400FFFD70 /* BGAssignmentInfoViewController.m */; };
		E197073317B1C49400FFFD70 /* BGAssignmentListViewController.m in Sources */ = {isa = PBXBuildFile; fileRef = E197071E17B1C49400FFFD70 /* BGAssignmentListViewController.m */; };
		E197073417B1C49400FFFD70 /* BGAssignmentListViewController.m in Sources */ = {isa = PBXBuildFile; fileRef = E197071E17B1C49400FFFD70 /* BGAssignmentListViewController.m */; };
		E197074817B1C4A300FFFD70 /* BGSettingsManager.m in Sources */ = {isa = PBXBuildFile; fileRef = E197073717B1C4A300FFFD70 /* BGSettingsManager.m */; };
		E197074917B1C4A300FFFD70 /* BGSettingsManager.m in Sources */ = {isa = PBXBuildFile; fileRef = E197073717B1C4A300FFFD70 /* BGSettingsManager.m */; };
		E197074A17B1C4A300FFFD70 /* BGSettingsInfoLayout.m in Sources */ = {isa = PBXBuildFile; fileRef = E197073917B1C4A300FFFD70 /* BGSettingsInfoLayout.m */; };
		E197074B17B1C4A300FFFD70 /* BGSettingsInfoLayout.m in Sources */ = {isa = PBXBuildFile; fileRef = E197073917B1C4A300FFFD70 /* BGSettingsInfoLayout.m */; };
		E197074C17B1C4A300FFFD70 /* BGSettingsViewController.m in Sources */ = {isa = PBXBuildFile; fileRef = E197073B17B1C4A300FFFD70 /* BGSettingsViewController.m */; };
		E197074D17B1C4A300FFFD70 /* BGSettingsViewController.m in Sources */ = {isa = PBXBuildFile; fileRef = E197073B17B1C4A300FFFD70 /* BGSettingsViewController.m */; };
		E197074E17B1C4A300FFFD70 /* BGAboutInfoLayout.m in Sources */ = {isa = PBXBuildFile; fileRef = E197073D17B1C4A300FFFD70 /* BGAboutInfoLayout.m */; };
		E197074F17B1C4A300FFFD70 /* BGAboutInfoLayout.m in Sources */ = {isa = PBXBuildFile; fileRef = E197073D17B1C4A300FFFD70 /* BGAboutInfoLayout.m */; };
		E197075017B1C4A300FFFD70 /* BGAboutViewController.m in Sources */ = {isa = PBXBuildFile; fileRef = E197073F17B1C4A300FFFD70 /* BGAboutViewController.m */; };
		E197075117B1C4A300FFFD70 /* BGAboutViewController.m in Sources */ = {isa = PBXBuildFile; fileRef = E197073F17B1C4A300FFFD70 /* BGAboutViewController.m */; };
		E197075217B1C4A300FFFD70 /* BGBackupViewController.m in Sources */ = {isa = PBXBuildFile; fileRef = E197074117B1C4A300FFFD70 /* BGBackupViewController.m */; };
		E197075317B1C4A300FFFD70 /* BGBackupViewController.m in Sources */ = {isa = PBXBuildFile; fileRef = E197074117B1C4A300FFFD70 /* BGBackupViewController.m */; };
		E197075417B1C4A300FFFD70 /* BGHelpViewController.m in Sources */ = {isa = PBXBuildFile; fileRef = E197074317B1C4A300FFFD70 /* BGHelpViewController.m */; };
		E197075517B1C4A300FFFD70 /* BGHelpViewController.m in Sources */ = {isa = PBXBuildFile; fileRef = E197074317B1C4A300FFFD70 /* BGHelpViewController.m */; };
		E197075617B1C4A300FFFD70 /* BGSupportInfoLayout.m in Sources */ = {isa = PBXBuildFile; fileRef = E197074517B1C4A300FFFD70 /* BGSupportInfoLayout.m */; };
		E197075717B1C4A300FFFD70 /* BGSupportInfoLayout.m in Sources */ = {isa = PBXBuildFile; fileRef = E197074517B1C4A300FFFD70 /* BGSupportInfoLayout.m */; };
		E197075817B1C4A300FFFD70 /* BGSupportViewController.m in Sources */ = {isa = PBXBuildFile; fileRef = E197074717B1C4A300FFFD70 /* BGSupportViewController.m */; };
		E197075917B1C4A300FFFD70 /* BGSupportViewController.m in Sources */ = {isa = PBXBuildFile; fileRef = E197074717B1C4A300FFFD70 /* BGSupportViewController.m */; };
		E197078E17B1C4E700FFFD70 /* NSManagedObject+bcString.m in Sources */ = {isa = PBXBuildFile; fileRef = E197078517B1C4E700FFFD70 /* NSManagedObject+bcString.m */; };
		E197078F17B1C4E700FFFD70 /* NSManagedObject+bcString.m in Sources */ = {isa = PBXBuildFile; fileRef = E197078517B1C4E700FFFD70 /* NSManagedObject+bcString.m */; };
		E197079017B1C4E700FFFD70 /* NSMutableString+appendIndent.m in Sources */ = {isa = PBXBuildFile; fileRef = E197078717B1C4E700FFFD70 /* NSMutableString+appendIndent.m */; };
		E197079117B1C4E700FFFD70 /* NSMutableString+appendIndent.m in Sources */ = {isa = PBXBuildFile; fileRef = E197078717B1C4E700FFFD70 /* NSMutableString+appendIndent.m */; };
		E197079417B1C4E700FFFD70 /* UIWebViewController.m in Sources */ = {isa = PBXBuildFile; fileRef = E197078B17B1C4E700FFFD70 /* UIWebViewController.m */; };
		E197079517B1C4E700FFFD70 /* UIWebViewController.m in Sources */ = {isa = PBXBuildFile; fileRef = E197078B17B1C4E700FFFD70 /* UIWebViewController.m */; };
		E197079617B1C4E700FFFD70 /* BCDShareableItem.m in Sources */ = {isa = PBXBuildFile; fileRef = E197078D17B1C4E700FFFD70 /* BCDShareableItem.m */; };
		E197079717B1C4E700FFFD70 /* BCDShareableItem.m in Sources */ = {isa = PBXBuildFile; fileRef = E197078D17B1C4E700FFFD70 /* BCDShareableItem.m */; };
		E19707D217B1C54200FFFD70 /* Default@2x.png in Resources */ = {isa = PBXBuildFile; fileRef = E19707D117B1C54200FFFD70 /* Default@2x.png */; };
		E19707D317B1C54200FFFD70 /* Default@2x.png in Resources */ = {isa = PBXBuildFile; fileRef = E19707D117B1C54200FFFD70 /* Default@2x.png */; };
		E19707D717B1C8A800FFFD70 /* Default.png in Resources */ = {isa = PBXBuildFile; fileRef = E19707D417B1C8A800FFFD70 /* Default.png */; };
		E19707D817B1C8A800FFFD70 /* Default.png in Resources */ = {isa = PBXBuildFile; fileRef = E19707D417B1C8A800FFFD70 /* Default.png */; };
		E19707DB17B1C8A800FFFD70 /* Default-568h@2x.png in Resources */ = {isa = PBXBuildFile; fileRef = E19707D617B1C8A800FFFD70 /* Default-568h@2x.png */; };
		E19707DC17B1C8A800FFFD70 /* Default-568h@2x.png in Resources */ = {isa = PBXBuildFile; fileRef = E19707D617B1C8A800FFFD70 /* Default-568h@2x.png */; };
		E19707E017B1C8F600FFFD70 /* BGConstants.m in Sources */ = {isa = PBXBuildFile; fileRef = E19707DE17B1C8F600FFFD70 /* BGConstants.m */; };
		E19707E117B1C8F600FFFD70 /* BGConstants.m in Sources */ = {isa = PBXBuildFile; fileRef = E19707DE17B1C8F600FFFD70 /* BGConstants.m */; };
		E19707E317B1C90600FFFD70 /* DropboxSDK.framework in Frameworks */ = {isa = PBXBuildFile; fileRef = E19707E217B1C90600FFFD70 /* DropboxSDK.framework */; };
		E19707E417B1C90600FFFD70 /* DropboxSDK.framework in Frameworks */ = {isa = PBXBuildFile; fileRef = E19707E217B1C90600FFFD70 /* DropboxSDK.framework */; };
		E19707E617B1C91F00FFFD70 /* Twitter.framework in Frameworks */ = {isa = PBXBuildFile; fileRef = E19707E517B1C91F00FFFD70 /* Twitter.framework */; };
		E19707E817B1C92400FFFD70 /* Social.framework in Frameworks */ = {isa = PBXBuildFile; fileRef = E19707E717B1C92400FFFD70 /* Social.framework */; settings = {ATTRIBUTES = (Weak, ); }; };
		E19707EA17B1C92900FFFD70 /* Security.framework in Frameworks */ = {isa = PBXBuildFile; fileRef = E19707E917B1C92900FFFD70 /* Security.framework */; };
		E19707EC17B1C93400FFFD70 /* QuartzCore.framework in Frameworks */ = {isa = PBXBuildFile; fileRef = E19707EB17B1C93400FFFD70 /* QuartzCore.framework */; };
		E19707EE17B1C93E00FFFD70 /* MessageUI.framework in Frameworks */ = {isa = PBXBuildFile; fileRef = E19707ED17B1C93E00FFFD70 /* MessageUI.framework */; };
		E19707F117B1C99500FFFD70 /* BGAppDelegate.m in Sources */ = {isa = PBXBuildFile; fileRef = E19707F017B1C99500FFFD70 /* BGAppDelegate.m */; };
		E19707F217B1C99500FFFD70 /* BGAppDelegate.m in Sources */ = {isa = PBXBuildFile; fileRef = E19707F017B1C99500FFFD70 /* BGAppDelegate.m */; };
		E19AA91E183E9A6B00D65780 /* BGCoreDataController.m in Sources */ = {isa = PBXBuildFile; fileRef = E19AA91D183E9A6B00D65780 /* BGCoreDataController.m */; };
		E1BD120417D3DD0B007EB448 /* CoreGraphics.framework in Frameworks */ = {isa = PBXBuildFile; fileRef = E1BD120317D3DD0A007EB448 /* CoreGraphics.framework */; };
		E1BF74691818EBA500D0E32D /* BGGrader.m in Sources */ = {isa = PBXBuildFile; fileRef = E1BF74681818EBA500D0E32D /* BGGrader.m */; };
		E1F7BDF417CD3DBF0041B14B /* NSFileManager+fileSize.m in Sources */ = {isa = PBXBuildFile; fileRef = E1F7BDF317CD3DBF0041B14B /* NSFileManager+fileSize.m */; };
		E1FA5F1F18E3C4670049FC95 /* BIButton.m in Sources */ = {isa = PBXBuildFile; fileRef = E1FA5F1E18E3C4670049FC95 /* BIButton.m */; };
/* End PBXBuildFile section */

/* Begin PBXContainerItemProxy section */
		E19706D217B1C28700FFFD70 /* PBXContainerItemProxy */ = {
			isa = PBXContainerItemProxy;
			containerPortal = E197069F17B1C28700FFFD70 /* Project object */;
			proxyType = 1;
			remoteGlobalIDString = E19706A617B1C28700FFFD70;
			remoteInfo = breadgrader;
		};
/* End PBXContainerItemProxy section */

/* Begin PBXFileReference section */
		E101B581187A1DB2009DB67A /* blank.png */ = {isa = PBXFileReference; lastKnownFileType = image.png; path = blank.png; sourceTree = "<group>"; };
		E13A75D717C1E176005CC2CD /* BGBackupManager.h */ = {isa = PBXFileReference; fileEncoding = 4; lastKnownFileType = sourcecode.c.h; path = BGBackupManager.h; sourceTree = "<group>"; };
		E13A75D817C1E176005CC2CD /* BGBackupManager.m */ = {isa = PBXFileReference; fileEncoding = 4; lastKnownFileType = sourcecode.c.objc; path = BGBackupManager.m; sourceTree = "<group>"; };
		E13A75DA17C26D6F005CC2CD /* BGBackup.h */ = {isa = PBXFileReference; fileEncoding = 4; lastKnownFileType = sourcecode.c.h; path = BGBackup.h; sourceTree = "<group>"; };
		E13A75DB17C26D70005CC2CD /* BGBackup.m */ = {isa = PBXFileReference; fileEncoding = 4; lastKnownFileType = sourcecode.c.objc; path = BGBackup.m; sourceTree = "<group>"; };
		E167886E187753D300501FD1 /* BMModel.h */ = {isa = PBXFileReference; fileEncoding = 4; lastKnownFileType = sourcecode.c.h; path = BMModel.h; sourceTree = "<group>"; };
		E167886F187753D300501FD1 /* BMModel.m */ = {isa = PBXFileReference; fileEncoding = 4; lastKnownFileType = sourcecode.c.objc; path = BMModel.m; sourceTree = "<group>"; };
		E1707D2D18133524009E1242 /* UnicodeDictionary.m */ = {isa = PBXFileReference; fileEncoding = 4; lastKnownFileType = sourcecode.c.objc; path = UnicodeDictionary.m; sourceTree = "<group>"; };
		E1707D2F18133626009E1242 /* Images.xcassets */ = {isa = PBXFileReference; lastKnownFileType = folder.assetcatalog; path = Images.xcassets; sourceTree = "<group>"; };
		E1707D3118133A61009E1242 /* BGCourseAddViewController.h */ = {isa = PBXFileReference; fileEncoding = 4; lastKnownFileType = sourcecode.c.h; path = BGCourseAddViewController.h; sourceTree = "<group>"; };
		E1707D3218133A61009E1242 /* BGCourseAddViewController.m */ = {isa = PBXFileReference; fileEncoding = 4; lastKnownFileType = sourcecode.c.objc; path = BGCourseAddViewController.m; sourceTree = "<group>"; };
		E1707D3418133D93009E1242 /* BGCriteriaAddViewController.h */ = {isa = PBXFileReference; fileEncoding = 4; lastKnownFileType = sourcecode.c.h; path = BGCriteriaAddViewController.h; sourceTree = "<group>"; };
		E1707D3518133D93009E1242 /* BGCriteriaAddViewController.m */ = {isa = PBXFileReference; fileEncoding = 4; lastKnownFileType = sourcecode.c.objc; path = BGCriteriaAddViewController.m; sourceTree = "<group>"; };
		E1707D37181341DD009E1242 /* StoreKit.framework */ = {isa = PBXFileReference; lastKnownFileType = wrapper.framework; name = StoreKit.framework; path = System/Library/Frameworks/StoreKit.framework; sourceTree = SDKROOT; };
		E1707D3918136137009E1242 /* BGAssignmentAddViewController.h */ = {isa = PBXFileReference; fileEncoding = 4; lastKnownFileType = sourcecode.c.h; path = BGAssignmentAddViewController.h; sourceTree = "<group>"; };
		E1707D3A18136137009E1242 /* BGAssignmentAddViewController.m */ = {isa = PBXFileReference; fileEncoding = 4; lastKnownFileType = sourcecode.c.objc; path = BGAssignmentAddViewController.m; sourceTree = "<group>"; };
		E179992A18D6221C00DBCD2F /* breadgrader 2.xcdatamodel */ = {isa = PBXFileReference; lastKnownFileType = wrapper.xcdatamodel; path = "breadgrader 2.xcdatamodel"; sourceTree = "<group>"; };
		E179992B18D6221C00DBCD2F /* breadgrader.xcdatamodel */ = {isa = PBXFileReference; lastKnownFileType = wrapper.xcdatamodel; path = breadgrader.xcdatamodel; sourceTree = "<group>"; };
		E186502418131FBC00A0F7EF /* doc */ = {isa = PBXFileReference; fileEncoding = 4; lastKnownFileType = text; path = doc; sourceTree = "<group>"; };
		E186502618131FBC00A0F7EF /* BIColorAlertView.h */ = {isa = PBXFileReference; fileEncoding = 4; lastKnownFileType = sourcecode.c.h; path = BIColorAlertView.h; sourceTree = "<group>"; };
		E186502718131FBC00A0F7EF /* BIInfoCell.h */ = {isa = PBXFileReference; fileEncoding = 4; lastKnownFileType = sourcecode.c.h; path = BIInfoCell.h; sourceTree = "<group>"; };
		E186502818131FBC00A0F7EF /* BIInfoLayout.h */ = {isa = PBXFileReference; fileEncoding = 4; lastKnownFileType = sourcecode.c.h; path = BIInfoLayout.h; sourceTree = "<group>"; };
		E186502918131FBC00A0F7EF /* BIInfoViewController.h */ = {isa = PBXFileReference; fileEncoding = 4; lastKnownFileType = sourcecode.c.h; path = BIInfoViewController.h; sourceTree = "<group>"; };
		E186502A18131FBC00A0F7EF /* BIListCell.h */ = {isa = PBXFileReference; fileEncoding = 4; lastKnownFileType = sourcecode.c.h; path = BIListCell.h; sourceTree = "<group>"; };
		E186502B18131FBC00A0F7EF /* BIListViewController+CoreDataFetch.h */ = {isa = PBXFileReference; fileEncoding = 4; lastKnownFileType = sourcecode.c.h; path = "BIListViewController+CoreDataFetch.h"; sourceTree = "<group>"; };
		E186502C18131FBC00A0F7EF /* BIListViewController.h */ = {isa = PBXFileReference; fileEncoding = 4; lastKnownFileType = sourcecode.c.h; path = BIListViewController.h; sourceTree = "<group>"; };
		E186502D18131FBC00A0F7EF /* BIShareableItem.h */ = {isa = PBXFileReference; fileEncoding = 4; lastKnownFileType = sourcecode.c.h; path = BIShareableItem.h; sourceTree = "<group>"; };
		E186502E18131FBC00A0F7EF /* BITableViewController.h */ = {isa = PBXFileReference; fileEncoding = 4; lastKnownFileType = sourcecode.c.h; path = BITableViewController.h; sourceTree = "<group>"; };
		E186502F18131FBC00A0F7EF /* BIViewController.h */ = {isa = PBXFileReference; fileEncoding = 4; lastKnownFileType = sourcecode.c.h; path = BIViewController.h; sourceTree = "<group>"; };
		E186503018131FBC00A0F7EF /* BIWebViewController.h */ = {isa = PBXFileReference; fileEncoding = 4; lastKnownFileType = sourcecode.c.h; path = BIWebViewController.h; sourceTree = "<group>"; };
		E186503118131FBC00A0F7EF /* breadinterface.h */ = {isa = PBXFileReference; fileEncoding = 4; lastKnownFileType = sourcecode.c.h; path = breadinterface.h; sourceTree = "<group>"; };
		E186503218131FBC00A0F7EF /* UIBarButtonItem+borderlessButtons.h */ = {isa = PBXFileReference; fileEncoding = 4; lastKnownFileType = sourcecode.c.h; path = "UIBarButtonItem+borderlessButtons.h"; sourceTree = "<group>"; };
		E186503318131FBC00A0F7EF /* Version.h */ = {isa = PBXFileReference; fileEncoding = 4; lastKnownFileType = sourcecode.c.h; path = Version.h; sourceTree = "<group>"; };
		E186503618131FBC00A0F7EF /* BIColorAlertView.m */ = {isa = PBXFileReference; fileEncoding = 4; lastKnownFileType = sourcecode.c.objc; path = BIColorAlertView.m; sourceTree = "<group>"; };
		E186503718131FBC00A0F7EF /* BIInfoCell.m */ = {isa = PBXFileReference; fileEncoding = 4; lastKnownFileType = sourcecode.c.objc; path = BIInfoCell.m; sourceTree = "<group>"; };
		E186503818131FBC00A0F7EF /* BIInfoLayout.m */ = {isa = PBXFileReference; fileEncoding = 4; lastKnownFileType = sourcecode.c.objc; path = BIInfoLayout.m; sourceTree = "<group>"; };
		E186503918131FBC00A0F7EF /* BIInfoViewController.m */ = {isa = PBXFileReference; fileEncoding = 4; lastKnownFileType = sourcecode.c.objc; path = BIInfoViewController.m; sourceTree = "<group>"; };
		E186503A18131FBC00A0F7EF /* BIListCell.m */ = {isa = PBXFileReference; fileEncoding = 4; lastKnownFileType = sourcecode.c.objc; path = BIListCell.m; sourceTree = "<group>"; };
		E186503B18131FBC00A0F7EF /* BIListViewController+CoreDataFetch.m */ = {isa = PBXFileReference; fileEncoding = 4; lastKnownFileType = sourcecode.c.objc; path = "BIListViewController+CoreDataFetch.m"; sourceTree = "<group>"; };
		E186503C18131FBC00A0F7EF /* BIListViewController.m */ = {isa = PBXFileReference; fileEncoding = 4; lastKnownFileType = sourcecode.c.objc; path = BIListViewController.m; sourceTree = "<group>"; };
		E186503D18131FBC00A0F7EF /* BIShareableItem.m */ = {isa = PBXFileReference; fileEncoding = 4; lastKnownFileType = sourcecode.c.objc; path = BIShareableItem.m; sourceTree = "<group>"; };
		E186503E18131FBC00A0F7EF /* BITableViewController.m */ = {isa = PBXFileReference; fileEncoding = 4; lastKnownFileType = sourcecode.c.objc; path = BITableViewController.m; sourceTree = "<group>"; };
		E186503F18131FBC00A0F7EF /* BIViewController.m */ = {isa = PBXFileReference; fileEncoding = 4; lastKnownFileType = sourcecode.c.objc; path = BIViewController.m; sourceTree = "<group>"; };
		E186504018131FBC00A0F7EF /* BIWebViewController.m */ = {isa = PBXFileReference; fileEncoding = 4; lastKnownFileType = sourcecode.c.objc; path = BIWebViewController.m; sourceTree = "<group>"; };
		E186504118131FBC00A0F7EF /* UIBarButtonItem+borderlessButtons.m */ = {isa = PBXFileReference; fileEncoding = 4; lastKnownFileType = sourcecode.c.objc; path = "UIBarButtonItem+borderlessButtons.m"; sourceTree = "<group>"; };
		E18650621813245800A0F7EF /* UnicodeDictionary.h */ = {isa = PBXFileReference; fileEncoding = 4; lastKnownFileType = sourcecode.c.h; path = UnicodeDictionary.h; sourceTree = "<group>"; };
		E192796D18775CDC00E41808 /* NSObject+introspection.h */ = {isa = PBXFileReference; fileEncoding = 4; lastKnownFileType = sourcecode.c.h; path = "NSObject+introspection.h"; sourceTree = "<group>"; };
		E192796E18775CDC00E41808 /* NSObject+introspection.m */ = {isa = PBXFileReference; fileEncoding = 4; lastKnownFileType = sourcecode.c.objc; path = "NSObject+introspection.m"; sourceTree = "<group>"; };
		E193DFCB17B2C3A500DF6A02 /* Appirater.m */ = {isa = PBXFileReference; fileEncoding = 4; lastKnownFileType = sourcecode.c.objc; path = Appirater.m; sourceTree = "<group>"; };
		E193DFCC17B2C3A600DF6A02 /* Appirater.h */ = {isa = PBXFileReference; fileEncoding = 4; lastKnownFileType = sourcecode.c.h; path = Appirater.h; sourceTree = "<group>"; };
		E193DFCF17B2C3ED00DF6A02 /* AppiraterDelegate.h */ = {isa = PBXFileReference; fileEncoding = 4; lastKnownFileType = sourcecode.c.h; path = AppiraterDelegate.h; sourceTree = "<group>"; };
		E193DFD217B2C45C00DF6A02 /* SystemConfiguration.framework */ = {isa = PBXFileReference; lastKnownFileType = wrapper.framework; name = SystemConfiguration.framework; path = System/Library/Frameworks/SystemConfiguration.framework; sourceTree = SDKROOT; };
		E193DFD417B2C46100DF6A02 /* CFNetwork.framework */ = {isa = PBXFileReference; lastKnownFileType = wrapper.framework; name = CFNetwork.framework; path = System/Library/Frameworks/CFNetwork.framework; sourceTree = SDKROOT; };
		E193DFDC17B2C9BD00DF6A02 /* AVFoundation.framework */ = {isa = PBXFileReference; lastKnownFileType = wrapper.framework; name = AVFoundation.framework; path = System/Library/Frameworks/AVFoundation.framework; sourceTree = SDKROOT; };
		E19706A717B1C28700FFFD70 /* breadgrader.app */ = {isa = PBXFileReference; explicitFileType = wrapper.application; includeInIndex = 0; path = breadgrader.app; sourceTree = BUILT_PRODUCTS_DIR; };
		E19706AA17B1C28700FFFD70 /* UIKit.framework */ = {isa = PBXFileReference; lastKnownFileType = wrapper.framework; name = UIKit.framework; path = System/Library/Frameworks/UIKit.framework; sourceTree = SDKROOT; };
		E19706AC17B1C28700FFFD70 /* Foundation.framework */ = {isa = PBXFileReference; lastKnownFileType = wrapper.framework; name = Foundation.framework; path = System/Library/Frameworks/Foundation.framework; sourceTree = SDKROOT; };
		E19706B017B1C28700FFFD70 /* CoreData.framework */ = {isa = PBXFileReference; lastKnownFileType = wrapper.framework; name = CoreData.framework; path = System/Library/Frameworks/CoreData.framework; sourceTree = SDKROOT; };
		E19706B417B1C28700FFFD70 /* breadgrader-Info.plist */ = {isa = PBXFileReference; lastKnownFileType = text.plist.xml; path = "breadgrader-Info.plist"; sourceTree = "<group>"; };
		E19706B617B1C28700FFFD70 /* en */ = {isa = PBXFileReference; lastKnownFileType = text.plist.strings; name = en; path = en.lproj/InfoPlist.strings; sourceTree = "<group>"; };
		E19706B817B1C28700FFFD70 /* main.m */ = {isa = PBXFileReference; lastKnownFileType = sourcecode.c.objc; path = main.m; sourceTree = "<group>"; };
		E19706BA17B1C28700FFFD70 /* breadgrader-Prefix.pch */ = {isa = PBXFileReference; lastKnownFileType = sourcecode.c.h; path = "breadgrader-Prefix.pch"; sourceTree = "<group>"; };
		E19706CC17B1C28700FFFD70 /* breadgraderTests.octest */ = {isa = PBXFileReference; explicitFileType = wrapper.cfbundle; includeInIndex = 0; path = breadgraderTests.octest; sourceTree = BUILT_PRODUCTS_DIR; };
		E19706CD17B1C28700FFFD70 /* SenTestingKit.framework */ = {isa = PBXFileReference; lastKnownFileType = wrapper.framework; name = SenTestingKit.framework; path = Library/Frameworks/SenTestingKit.framework; sourceTree = DEVELOPER_DIR; };
		E19706D617B1C28700FFFD70 /* breadgraderTests-Info.plist */ = {isa = PBXFileReference; lastKnownFileType = text.plist.xml; path = "breadgraderTests-Info.plist"; sourceTree = "<group>"; };
		E19706D817B1C28700FFFD70 /* en */ = {isa = PBXFileReference; lastKnownFileType = text.plist.strings; name = en; path = en.lproj/InfoPlist.strings; sourceTree = "<group>"; };
		E19706DA17B1C28700FFFD70 /* breadgraderTests.h */ = {isa = PBXFileReference; lastKnownFileType = sourcecode.c.h; path = breadgraderTests.h; sourceTree = "<group>"; };
		E19706DB17B1C28700FFFD70 /* breadgraderTests.m */ = {isa = PBXFileReference; lastKnownFileType = sourcecode.c.objc; path = breadgraderTests.m; sourceTree = "<group>"; };
		E19706E817B1C44400FFFD70 /* Course.h */ = {isa = PBXFileReference; fileEncoding = 4; lastKnownFileType = sourcecode.c.h; path = Course.h; sourceTree = "<group>"; };
		E19706E917B1C44400FFFD70 /* Course.m */ = {isa = PBXFileReference; fileEncoding = 4; lastKnownFileType = sourcecode.c.objc; path = Course.m; sourceTree = "<group>"; };
		E19706EA17B1C44400FFFD70 /* Course+methods.h */ = {isa = PBXFileReference; fileEncoding = 4; lastKnownFileType = sourcecode.c.h; path = "Course+methods.h"; sourceTree = "<group>"; };
		E19706EB17B1C44400FFFD70 /* Course+methods.m */ = {isa = PBXFileReference; fileEncoding = 4; lastKnownFileType = sourcecode.c.objc; path = "Course+methods.m"; sourceTree = "<group>"; };
		E19706EC17B1C44400FFFD70 /* Criteria.h */ = {isa = PBXFileReference; fileEncoding = 4; lastKnownFileType = sourcecode.c.h; path = Criteria.h; sourceTree = "<group>"; };
		E19706ED17B1C44400FFFD70 /* Criteria.m */ = {isa = PBXFileReference; fileEncoding = 4; lastKnownFileType = sourcecode.c.objc; path = Criteria.m; sourceTree = "<group>"; };
		E19706EE17B1C44400FFFD70 /* Criteria+methods.h */ = {isa = PBXFileReference; fileEncoding = 4; lastKnownFileType = sourcecode.c.h; path = "Criteria+methods.h"; sourceTree = "<group>"; };
		E19706EF17B1C44400FFFD70 /* Criteria+methods.m */ = {isa = PBXFileReference; fileEncoding = 4; lastKnownFileType = sourcecode.c.objc; path = "Criteria+methods.m"; sourceTree = "<group>"; };
		E19706F017B1C44400FFFD70 /* Assignment.h */ = {isa = PBXFileReference; fileEncoding = 4; lastKnownFileType = sourcecode.c.h; path = Assignment.h; sourceTree = "<group>"; };
		E19706F117B1C44400FFFD70 /* Assignment.m */ = {isa = PBXFileReference; fileEncoding = 4; lastKnownFileType = sourcecode.c.objc; path = Assignment.m; sourceTree = "<group>"; };
		E19706F217B1C44400FFFD70 /* Assignment+methods.h */ = {isa = PBXFileReference; fileEncoding = 4; lastKnownFileType = sourcecode.c.h; path = "Assignment+methods.h"; sourceTree = "<group>"; };
		E19706F317B1C44400FFFD70 /* Assignment+methods.m */ = {isa = PBXFileReference; fileEncoding = 4; lastKnownFileType = sourcecode.c.objc; path = "Assignment+methods.m"; sourceTree = "<group>"; };
		E19706F417B1C44400FFFD70 /* BGGradeInfo.h */ = {isa = PBXFileReference; fileEncoding = 4; lastKnownFileType = sourcecode.c.h; path = BGGradeInfo.h; sourceTree = "<group>"; };
		E19706F517B1C44400FFFD70 /* BGGradeInfo.m */ = {isa = PBXFileReference; fileEncoding = 4; lastKnownFileType = sourcecode.c.objc; path = BGGradeInfo.m; sourceTree = "<group>"; };
		E197070917B1C49400FFFD70 /* BGCourseListViewController.h */ = {isa = PBXFileReference; fileEncoding = 4; lastKnownFileType = sourcecode.c.h; path = BGCourseListViewController.h; sourceTree = "<group>"; };
		E197070A17B1C49400FFFD70 /* BGCourseListViewController.m */ = {isa = PBXFileReference; fileEncoding = 4; lastKnownFileType = sourcecode.c.objc; path = BGCourseListViewController.m; sourceTree = "<group>"; };
		E197070B17B1C49400FFFD70 /* BGCourseInfoLayout.h */ = {isa = PBXFileReference; fileEncoding = 4; lastKnownFileType = sourcecode.c.h; path = BGCourseInfoLayout.h; sourceTree = "<group>"; };
		E197070C17B1C49400FFFD70 /* BGCourseInfoLayout.m */ = {isa = PBXFileReference; fileEncoding = 4; lastKnownFileType = sourcecode.c.objc; path = BGCourseInfoLayout.m; sourceTree = "<group>"; };
		E197070D17B1C49400FFFD70 /* BGCourseInfoViewController.h */ = {isa = PBXFileReference; fileEncoding = 4; lastKnownFileType = sourcecode.c.h; path = BGCourseInfoViewController.h; sourceTree = "<group>"; };
		E197070E17B1C49400FFFD70 /* BGCourseInfoViewController.m */ = {isa = PBXFileReference; fileEncoding = 4; lastKnownFileType = sourcecode.c.objc; path = BGCourseInfoViewController.m; sourceTree = "<group>"; };
		E197070F17B1C49400FFFD70 /* BGCourseSubjectPickerViewController.h */ = {isa = PBXFileReference; fileEncoding = 4; lastKnownFileType = sourcecode.c.h; path = BGCourseSubjectPickerViewController.h; sourceTree = "<group>"; };
		E197071017B1C49400FFFD70 /* BGCourseSubjectPickerViewController.m */ = {isa = PBXFileReference; fileEncoding = 4; lastKnownFileType = sourcecode.c.objc; path = BGCourseSubjectPickerViewController.m; sourceTree = "<group>"; };
		E197071117B1C49400FFFD70 /* BGCriteriaInfoLayout.h */ = {isa = PBXFileReference; fileEncoding = 4; lastKnownFileType = sourcecode.c.h; path = BGCriteriaInfoLayout.h; sourceTree = "<group>"; };
		E197071217B1C49400FFFD70 /* BGCriteriaInfoLayout.m */ = {isa = PBXFileReference; fileEncoding = 4; lastKnownFileType = sourcecode.c.objc; path = BGCriteriaInfoLayout.m; sourceTree = "<group>"; };
		E197071317B1C49400FFFD70 /* BGCriteriaInfoViewController.h */ = {isa = PBXFileReference; fileEncoding = 4; lastKnownFileType = sourcecode.c.h; path = BGCriteriaInfoViewController.h; sourceTree = "<group>"; };
		E197071417B1C49400FFFD70 /* BGCriteriaInfoViewController.m */ = {isa = PBXFileReference; fileEncoding = 4; lastKnownFileType = sourcecode.c.objc; path = BGCriteriaInfoViewController.m; sourceTree = "<group>"; };
		E197071517B1C49400FFFD70 /* BGCriteriaListViewController.h */ = {isa = PBXFileReference; fileEncoding = 4; lastKnownFileType = sourcecode.c.h; path = BGCriteriaListViewController.h; sourceTree = "<group>"; };
		E197071617B1C49400FFFD70 /* BGCriteriaListViewController.m */ = {isa = PBXFileReference; fileEncoding = 4; lastKnownFileType = sourcecode.c.objc; path = BGCriteriaListViewController.m; sourceTree = "<group>"; };
		E197071717B1C49400FFFD70 /* BGCriteriaTypePickerViewController.h */ = {isa = PBXFileReference; fileEncoding = 4; lastKnownFileType = sourcecode.c.h; path = BGCriteriaTypePickerViewController.h; sourceTree = "<group>"; };
		E197071817B1C49400FFFD70 /* BGCriteriaTypePickerViewController.m */ = {isa = PBXFileReference; fileEncoding = 4; lastKnownFileType = sourcecode.c.objc; path = BGCriteriaTypePickerViewController.m; sourceTree = "<group>"; };
		E197071917B1C49400FFFD70 /* BGAssignmentInfoLayout.h */ = {isa = PBXFileReference; fileEncoding = 4; lastKnownFileType = sourcecode.c.h; path = BGAssignmentInfoLayout.h; sourceTree = "<group>"; };
		E197071A17B1C49400FFFD70 /* BGAssignmentInfoLayout.m */ = {isa = PBXFileReference; fileEncoding = 4; lastKnownFileType = sourcecode.c.objc; path = BGAssignmentInfoLayout.m; sourceTree = "<group>"; };
		E197071B17B1C49400FFFD70 /* BGAssignmentInfoViewController.h */ = {isa = PBXFileReference; fileEncoding = 4; lastKnownFileType = sourcecode.c.h; path = BGAssignmentInfoViewController.h; sourceTree = "<group>"; };
		E197071C17B1C49400FFFD70 /* BGAssignmentInfoViewController.m */ = {isa = PBXFileReference; fileEncoding = 4; lastKnownFileType = sourcecode.c.objc; path = BGAssignmentInfoViewController.m; sourceTree = "<group>"; };
		E197071D17B1C49400FFFD70 /* BGAssignmentListViewController.h */ = {isa = PBXFileReference; fileEncoding = 4; lastKnownFileType = sourcecode.c.h; path = BGAssignmentListViewController.h; sourceTree = "<group>"; };
		E197071E17B1C49400FFFD70 /* BGAssignmentListViewController.m */ = {isa = PBXFileReference; fileEncoding = 4; lastKnownFileType = sourcecode.c.objc; path = BGAssignmentListViewController.m; sourceTree = "<group>"; };
		E197073617B1C4A300FFFD70 /* BGSettingsManager.h */ = {isa = PBXFileReference; fileEncoding = 4; lastKnownFileType = sourcecode.c.h; path = BGSettingsManager.h; sourceTree = "<group>"; };
		E197073717B1C4A300FFFD70 /* BGSettingsManager.m */ = {isa = PBXFileReference; fileEncoding = 4; lastKnownFileType = sourcecode.c.objc; path = BGSettingsManager.m; sourceTree = "<group>"; };
		E197073817B1C4A300FFFD70 /* BGSettingsInfoLayout.h */ = {isa = PBXFileReference; fileEncoding = 4; lastKnownFileType = sourcecode.c.h; path = BGSettingsInfoLayout.h; sourceTree = "<group>"; };
		E197073917B1C4A300FFFD70 /* BGSettingsInfoLayout.m */ = {isa = PBXFileReference; fileEncoding = 4; lastKnownFileType = sourcecode.c.objc; path = BGSettingsInfoLayout.m; sourceTree = "<group>"; };
		E197073A17B1C4A300FFFD70 /* BGSettingsViewController.h */ = {isa = PBXFileReference; fileEncoding = 4; lastKnownFileType = sourcecode.c.h; path = BGSettingsViewController.h; sourceTree = "<group>"; };
		E197073B17B1C4A300FFFD70 /* BGSettingsViewController.m */ = {isa = PBXFileReference; fileEncoding = 4; lastKnownFileType = sourcecode.c.objc; path = BGSettingsViewController.m; sourceTree = "<group>"; };
		E197073C17B1C4A300FFFD70 /* BGAboutInfoLayout.h */ = {isa = PBXFileReference; fileEncoding = 4; lastKnownFileType = sourcecode.c.h; path = BGAboutInfoLayout.h; sourceTree = "<group>"; };
		E197073D17B1C4A300FFFD70 /* BGAboutInfoLayout.m */ = {isa = PBXFileReference; fileEncoding = 4; lastKnownFileType = sourcecode.c.objc; path = BGAboutInfoLayout.m; sourceTree = "<group>"; };
		E197073E17B1C4A300FFFD70 /* BGAboutViewController.h */ = {isa = PBXFileReference; fileEncoding = 4; lastKnownFileType = sourcecode.c.h; path = BGAboutViewController.h; sourceTree = "<group>"; };
		E197073F17B1C4A300FFFD70 /* BGAboutViewController.m */ = {isa = PBXFileReference; fileEncoding = 4; lastKnownFileType = sourcecode.c.objc; path = BGAboutViewController.m; sourceTree = "<group>"; };
		E197074017B1C4A300FFFD70 /* BGBackupViewController.h */ = {isa = PBXFileReference; fileEncoding = 4; lastKnownFileType = sourcecode.c.h; path = BGBackupViewController.h; sourceTree = "<group>"; };
		E197074117B1C4A300FFFD70 /* BGBackupViewController.m */ = {isa = PBXFileReference; fileEncoding = 4; lastKnownFileType = sourcecode.c.objc; path = BGBackupViewController.m; sourceTree = "<group>"; };
		E197074217B1C4A300FFFD70 /* BGHelpViewController.h */ = {isa = PBXFileReference; fileEncoding = 4; lastKnownFileType = sourcecode.c.h; path = BGHelpViewController.h; sourceTree = "<group>"; };
		E197074317B1C4A300FFFD70 /* BGHelpViewController.m */ = {isa = PBXFileReference; fileEncoding = 4; lastKnownFileType = sourcecode.c.objc; path = BGHelpViewController.m; sourceTree = "<group>"; };
		E197074417B1C4A300FFFD70 /* BGSupportInfoLayout.h */ = {isa = PBXFileReference; fileEncoding = 4; lastKnownFileType = sourcecode.c.h; path = BGSupportInfoLayout.h; sourceTree = "<group>"; };
		E197074517B1C4A300FFFD70 /* BGSupportInfoLayout.m */ = {isa = PBXFileReference; fileEncoding = 4; lastKnownFileType = sourcecode.c.objc; path = BGSupportInfoLayout.m; sourceTree = "<group>"; };
		E197074617B1C4A300FFFD70 /* BGSupportViewController.h */ = {isa = PBXFileReference; fileEncoding = 4; lastKnownFileType = sourcecode.c.h; path = BGSupportViewController.h; sourceTree = "<group>"; };
		E197074717B1C4A300FFFD70 /* BGSupportViewController.m */ = {isa = PBXFileReference; fileEncoding = 4; lastKnownFileType = sourcecode.c.objc; path = BGSupportViewController.m; sourceTree = "<group>"; };
		E197078417B1C4E700FFFD70 /* NSManagedObject+bcString.h */ = {isa = PBXFileReference; fileEncoding = 4; lastKnownFileType = sourcecode.c.h; path = "NSManagedObject+bcString.h"; sourceTree = "<group>"; };
		E197078517B1C4E700FFFD70 /* NSManagedObject+bcString.m */ = {isa = PBXFileReference; fileEncoding = 4; lastKnownFileType = sourcecode.c.objc; path = "NSManagedObject+bcString.m"; sourceTree = "<group>"; };
		E197078617B1C4E700FFFD70 /* NSMutableString+appendIndent.h */ = {isa = PBXFileReference; fileEncoding = 4; lastKnownFileType = sourcecode.c.h; path = "NSMutableString+appendIndent.h"; sourceTree = "<group>"; };
		E197078717B1C4E700FFFD70 /* NSMutableString+appendIndent.m */ = {isa = PBXFileReference; fileEncoding = 4; lastKnownFileType = sourcecode.c.objc; path = "NSMutableString+appendIndent.m"; sourceTree = "<group>"; };
		E197078A17B1C4E700FFFD70 /* UIWebViewController.h */ = {isa = PBXFileReference; fileEncoding = 4; lastKnownFileType = sourcecode.c.h; path = UIWebViewController.h; sourceTree = "<group>"; };
		E197078B17B1C4E700FFFD70 /* UIWebViewController.m */ = {isa = PBXFileReference; fileEncoding = 4; lastKnownFileType = sourcecode.c.objc; path = UIWebViewController.m; sourceTree = "<group>"; };
		E197078C17B1C4E700FFFD70 /* BCDShareableItem.h */ = {isa = PBXFileReference; fileEncoding = 4; lastKnownFileType = sourcecode.c.h; path = BCDShareableItem.h; sourceTree = "<group>"; };
		E197078D17B1C4E700FFFD70 /* BCDShareableItem.m */ = {isa = PBXFileReference; fileEncoding = 4; lastKnownFileType = sourcecode.c.objc; path = BCDShareableItem.m; sourceTree = "<group>"; };
		E19707D117B1C54200FFFD70 /* Default@2x.png */ = {isa = PBXFileReference; lastKnownFileType = image.png; path = "Default@2x.png"; sourceTree = "<group>"; };
		E19707D417B1C8A800FFFD70 /* Default.png */ = {isa = PBXFileReference; lastKnownFileType = image.png; path = Default.png; sourceTree = "<group>"; };
		E19707D617B1C8A800FFFD70 /* Default-568h@2x.png */ = {isa = PBXFileReference; lastKnownFileType = image.png; path = "Default-568h@2x.png"; sourceTree = "<group>"; };
		E19707DD17B1C8F600FFFD70 /* BGConstants.h */ = {isa = PBXFileReference; fileEncoding = 4; lastKnownFileType = sourcecode.c.h; path = BGConstants.h; sourceTree = "<group>"; };
		E19707DE17B1C8F600FFFD70 /* BGConstants.m */ = {isa = PBXFileReference; fileEncoding = 4; lastKnownFileType = sourcecode.c.objc; path = BGConstants.m; sourceTree = "<group>"; };
		E19707DF17B1C8F600FFFD70 /* Version.h */ = {isa = PBXFileReference; fileEncoding = 4; lastKnownFileType = sourcecode.c.h; path = Version.h; sourceTree = "<group>"; };
		E19707E217B1C90600FFFD70 /* DropboxSDK.framework */ = {isa = PBXFileReference; lastKnownFileType = wrapper.framework; path = DropboxSDK.framework; sourceTree = "<group>"; };
		E19707E517B1C91F00FFFD70 /* Twitter.framework */ = {isa = PBXFileReference; lastKnownFileType = wrapper.framework; name = Twitter.framework; path = System/Library/Frameworks/Twitter.framework; sourceTree = SDKROOT; };
		E19707E717B1C92400FFFD70 /* Social.framework */ = {isa = PBXFileReference; lastKnownFileType = wrapper.framework; name = Social.framework; path = System/Library/Frameworks/Social.framework; sourceTree = SDKROOT; };
		E19707E917B1C92900FFFD70 /* Security.framework */ = {isa = PBXFileReference; lastKnownFileType = wrapper.framework; name = Security.framework; path = System/Library/Frameworks/Security.framework; sourceTree = SDKROOT; };
		E19707EB17B1C93400FFFD70 /* QuartzCore.framework */ = {isa = PBXFileReference; lastKnownFileType = wrapper.framework; name = QuartzCore.framework; path = System/Library/Frameworks/QuartzCore.framework; sourceTree = SDKROOT; };
		E19707ED17B1C93E00FFFD70 /* MessageUI.framework */ = {isa = PBXFileReference; lastKnownFileType = wrapper.framework; name = MessageUI.framework; path = System/Library/Frameworks/MessageUI.framework; sourceTree = SDKROOT; };
		E19707EF17B1C99500FFFD70 /* BGAppDelegate.h */ = {isa = PBXFileReference; fileEncoding = 4; lastKnownFileType = sourcecode.c.h; path = BGAppDelegate.h; sourceTree = "<group>"; };
		E19707F017B1C99500FFFD70 /* BGAppDelegate.m */ = {isa = PBXFileReference; fileEncoding = 4; lastKnownFileType = sourcecode.c.objc; path = BGAppDelegate.m; sourceTree = "<group>"; };
		E19AA91C183E9A6B00D65780 /* BGCoreDataController.h */ = {isa = PBXFileReference; fileEncoding = 4; lastKnownFileType = sourcecode.c.h; path = BGCoreDataController.h; sourceTree = "<group>"; };
		E19AA91D183E9A6B00D65780 /* BGCoreDataController.m */ = {isa = PBXFileReference; fileEncoding = 4; lastKnownFileType = sourcecode.c.objc; path = BGCoreDataController.m; sourceTree = "<group>"; };
		E1BD120317D3DD0A007EB448 /* CoreGraphics.framework */ = {isa = PBXFileReference; lastKnownFileType = wrapper.framework; name = CoreGraphics.framework; path = System/Library/Frameworks/CoreGraphics.framework; sourceTree = SDKROOT; };
		E1BF74671818EBA500D0E32D /* BGGrader.h */ = {isa = PBXFileReference; fileEncoding = 4; lastKnownFileType = sourcecode.c.h; path = BGGrader.h; sourceTree = "<group>"; };
		E1BF74681818EBA500D0E32D /* BGGrader.m */ = {isa = PBXFileReference; fileEncoding = 4; lastKnownFileType = sourcecode.c.objc; path = BGGrader.m; sourceTree = "<group>"; };
		E1F7BDF217CD3DBF0041B14B /* NSFileManager+fileSize.h */ = {isa = PBXFileReference; fileEncoding = 4; lastKnownFileType = sourcecode.c.h; path = "NSFileManager+fileSize.h"; sourceTree = "<group>"; };
		E1F7BDF317CD3DBF0041B14B /* NSFileManager+fileSize.m */ = {isa = PBXFileReference; fileEncoding = 4; lastKnownFileType = sourcecode.c.objc; path = "NSFileManager+fileSize.m"; sourceTree = "<group>"; };
		E1FA5F1D18E3C4670049FC95 /* BIButton.h */ = {isa = PBXFileReference; fileEncoding = 4; lastKnownFileType = sourcecode.c.h; path = BIButton.h; sourceTree = "<group>"; };
		E1FA5F1E18E3C4670049FC95 /* BIButton.m */ = {isa = PBXFileReference; fileEncoding = 4; lastKnownFileType = sourcecode.c.objc; path = BIButton.m; sourceTree = "<group>"; };
/* End PBXFileReference section */

/* Begin PBXFrameworksBuildPhase section */
		E19706A417B1C28700FFFD70 /* Frameworks */ = {
			isa = PBXFrameworksBuildPhase;
			buildActionMask = 2147483647;
			files = (
				E1707D38181341DD009E1242 /* StoreKit.framework in Frameworks */,
				E1BD120417D3DD0B007EB448 /* CoreGraphics.framework in Frameworks */,
				E193DFDD17B2C9BD00DF6A02 /* AVFoundation.framework in Frameworks */,
				E193DFD517B2C46100DF6A02 /* CFNetwork.framework in Frameworks */,
				E193DFD317B2C45C00DF6A02 /* SystemConfiguration.framework in Frameworks */,
				E19707EE17B1C93E00FFFD70 /* MessageUI.framework in Frameworks */,
				E19707EC17B1C93400FFFD70 /* QuartzCore.framework in Frameworks */,
				E19707EA17B1C92900FFFD70 /* Security.framework in Frameworks */,
				E19707E817B1C92400FFFD70 /* Social.framework in Frameworks */,
				E19707E617B1C91F00FFFD70 /* Twitter.framework in Frameworks */,
				E19706AB17B1C28700FFFD70 /* UIKit.framework in Frameworks */,
				E19706AD17B1C28700FFFD70 /* Foundation.framework in Frameworks */,
				E19706B117B1C28700FFFD70 /* CoreData.framework in Frameworks */,
				E19707E317B1C90600FFFD70 /* DropboxSDK.framework in Frameworks */,
			);
			runOnlyForDeploymentPostprocessing = 0;
		};
		E19706C817B1C28700FFFD70 /* Frameworks */ = {
			isa = PBXFrameworksBuildPhase;
			buildActionMask = 2147483647;
			files = (
				E19706CE17B1C28700FFFD70 /* SenTestingKit.framework in Frameworks */,
				E19706CF17B1C28700FFFD70 /* UIKit.framework in Frameworks */,
				E19706D017B1C28700FFFD70 /* Foundation.framework in Frameworks */,
				E19706D117B1C28700FFFD70 /* CoreData.framework in Frameworks */,
				E19707E417B1C90600FFFD70 /* DropboxSDK.framework in Frameworks */,
			);
			runOnlyForDeploymentPostprocessing = 0;
		};
/* End PBXFrameworksBuildPhase section */

/* Begin PBXGroup section */
		E186501018131FBC00A0F7EF /* breadinterface */ = {
			isa = PBXGroup;
			children = (
				E186502418131FBC00A0F7EF /* doc */,
				E186502518131FBC00A0F7EF /* Headers */,
				E186503418131FBC00A0F7EF /* src */,
			);
			name = breadinterface;
			path = ../../../Dropbox/dev/myObjC/breadinterface;
			sourceTree = "<group>";
		};
		E186502518131FBC00A0F7EF /* Headers */ = {
			isa = PBXGroup;
			children = (
				E186502618131FBC00A0F7EF /* BIColorAlertView.h */,
				E186502718131FBC00A0F7EF /* BIInfoCell.h */,
				E186502818131FBC00A0F7EF /* BIInfoLayout.h */,
				E186502918131FBC00A0F7EF /* BIInfoViewController.h */,
				E186502A18131FBC00A0F7EF /* BIListCell.h */,
				E186502B18131FBC00A0F7EF /* BIListViewController+CoreDataFetch.h */,
				E186502C18131FBC00A0F7EF /* BIListViewController.h */,
				E186502D18131FBC00A0F7EF /* BIShareableItem.h */,
				E186502E18131FBC00A0F7EF /* BITableViewController.h */,
				E186502F18131FBC00A0F7EF /* BIViewController.h */,
				E186503018131FBC00A0F7EF /* BIWebViewController.h */,
				E186503118131FBC00A0F7EF /* breadinterface.h */,
				E186503218131FBC00A0F7EF /* UIBarButtonItem+borderlessButtons.h */,
				E186503318131FBC00A0F7EF /* Version.h */,
				E18650621813245800A0F7EF /* UnicodeDictionary.h */,
			);
			path = Headers;
			sourceTree = "<group>";
		};
		E186503418131FBC00A0F7EF /* src */ = {
			isa = PBXGroup;
			children = (
				E186503618131FBC00A0F7EF /* BIColorAlertView.m */,
				E186503718131FBC00A0F7EF /* BIInfoCell.m */,
				E186503818131FBC00A0F7EF /* BIInfoLayout.m */,
				E186503918131FBC00A0F7EF /* BIInfoViewController.m */,
				E186503A18131FBC00A0F7EF /* BIListCell.m */,
				E186503B18131FBC00A0F7EF /* BIListViewController+CoreDataFetch.m */,
				E186503C18131FBC00A0F7EF /* BIListViewController.m */,
				E186503D18131FBC00A0F7EF /* BIShareableItem.m */,
				E186503E18131FBC00A0F7EF /* BITableViewController.m */,
				E186503F18131FBC00A0F7EF /* BIViewController.m */,
				E186504018131FBC00A0F7EF /* BIWebViewController.m */,
				E186504118131FBC00A0F7EF /* UIBarButtonItem+borderlessButtons.m */,
				E1FA5F1D18E3C4670049FC95 /* BIButton.h */,
				E1FA5F1E18E3C4670049FC95 /* BIButton.m */,
				E1707D2D18133524009E1242 /* UnicodeDictionary.m */,
			);
			path = src;
			sourceTree = "<group>";
		};
		E197069E17B1C28700FFFD70 = {
			isa = PBXGroup;
			children = (
				E19706B217B1C28700FFFD70 /* breadgrader */,
				E19706D417B1C28700FFFD70 /* breadgraderTests */,
				E19706A917B1C28700FFFD70 /* Frameworks */,
				E19706A817B1C28700FFFD70 /* Products */,
			);
			sourceTree = "<group>";
		};
		E19706A817B1C28700FFFD70 /* Products */ = {
			isa = PBXGroup;
			children = (
				E19706A717B1C28700FFFD70 /* breadgrader.app */,
				E19706CC17B1C28700FFFD70 /* breadgraderTests.octest */,
			);
			name = Products;
			sourceTree = "<group>";
		};
		E19706A917B1C28700FFFD70 /* Frameworks */ = {
			isa = PBXGroup;
			children = (
				E1707D37181341DD009E1242 /* StoreKit.framework */,
				E186501018131FBC00A0F7EF /* breadinterface */,
				E1BD120317D3DD0A007EB448 /* CoreGraphics.framework */,
				E193DFDC17B2C9BD00DF6A02 /* AVFoundation.framework */,
				E193DFD417B2C46100DF6A02 /* CFNetwork.framework */,
				E193DFD217B2C45C00DF6A02 /* SystemConfiguration.framework */,
				E19707ED17B1C93E00FFFD70 /* MessageUI.framework */,
				E19707EB17B1C93400FFFD70 /* QuartzCore.framework */,
				E19707E917B1C92900FFFD70 /* Security.framework */,
				E19707E717B1C92400FFFD70 /* Social.framework */,
				E19707E517B1C91F00FFFD70 /* Twitter.framework */,
				E19707E217B1C90600FFFD70 /* DropboxSDK.framework */,
				E19706AA17B1C28700FFFD70 /* UIKit.framework */,
				E19706AC17B1C28700FFFD70 /* Foundation.framework */,
				E19706B017B1C28700FFFD70 /* CoreData.framework */,
				E19706CD17B1C28700FFFD70 /* SenTestingKit.framework */,
			);
			name = Frameworks;
			sourceTree = "<group>";
		};
		E19706B217B1C28700FFFD70 /* breadgrader */ = {
			isa = PBXGroup;
			children = (
				E19707EF17B1C99500FFFD70 /* BGAppDelegate.h */,
				E19707F017B1C99500FFFD70 /* BGAppDelegate.m */,
				E19706E717B1C43800FFFD70 /* model */,
				E197070817B1C47B00FFFD70 /* controller */,
				E1707D2F18133626009E1242 /* Images.xcassets */,
				E19706B317B1C28700FFFD70 /* Supporting Files */,
			);
			path = breadgrader;
			sourceTree = "<group>";
		};
		E19706B317B1C28700FFFD70 /* Supporting Files */ = {
			isa = PBXGroup;
			children = (
				E101B581187A1DB2009DB67A /* blank.png */,
				E19707D017B1C51C00FFFD70 /* loading */,
				E197079817B1C4F600FFFD70 /* icons */,
				E197078317B1C4DC00FFFD70 /* classes */,
				E19706B417B1C28700FFFD70 /* breadgrader-Info.plist */,
				E19706B517B1C28700FFFD70 /* InfoPlist.strings */,
				E19706B817B1C28700FFFD70 /* main.m */,
				E19706BA17B1C28700FFFD70 /* breadgrader-Prefix.pch */,
				E19707DD17B1C8F600FFFD70 /* BGConstants.h */,
				E19707DE17B1C8F600FFFD70 /* BGConstants.m */,
				E19707DF17B1C8F600FFFD70 /* Version.h */,
			);
			name = "Supporting Files";
			sourceTree = "<group>";
		};
		E19706D417B1C28700FFFD70 /* breadgraderTests */ = {
			isa = PBXGroup;
			children = (
				E19706DA17B1C28700FFFD70 /* breadgraderTests.h */,
				E19706DB17B1C28700FFFD70 /* breadgraderTests.m */,
				E19706D517B1C28700FFFD70 /* Supporting Files */,
			);
			path = breadgraderTests;
			sourceTree = "<group>";
		};
		E19706D517B1C28700FFFD70 /* Supporting Files */ = {
			isa = PBXGroup;
			children = (
				E19706D617B1C28700FFFD70 /* breadgraderTests-Info.plist */,
				E19706D717B1C28700FFFD70 /* InfoPlist.strings */,
			);
			name = "Supporting Files";
			sourceTree = "<group>";
		};
		E19706E717B1C43800FFFD70 /* model */ = {
			isa = PBXGroup;
			children = (
				E19706E817B1C44400FFFD70 /* Course.h */,
				E19706E917B1C44400FFFD70 /* Course.m */,
				E19706EA17B1C44400FFFD70 /* Course+methods.h */,
				E19706EB17B1C44400FFFD70 /* Course+methods.m */,
				E19706EC17B1C44400FFFD70 /* Criteria.h */,
				E19706ED17B1C44400FFFD70 /* Criteria.m */,
				E19706EE17B1C44400FFFD70 /* Criteria+methods.h */,
				E19706EF17B1C44400FFFD70 /* Criteria+methods.m */,
				E19706F017B1C44400FFFD70 /* Assignment.h */,
				E19706F117B1C44400FFFD70 /* Assignment.m */,
				E19706F217B1C44400FFFD70 /* Assignment+methods.h */,
				E19706F317B1C44400FFFD70 /* Assignment+methods.m */,
				E179992918D6221C00DBCD2F /* breadgrader.xcdatamodeld */,
				E19706F417B1C44400FFFD70 /* BGGradeInfo.h */,
				E19706F517B1C44400FFFD70 /* BGGradeInfo.m */,
				E1BF74671818EBA500D0E32D /* BGGrader.h */,
				E1BF74681818EBA500D0E32D /* BGGrader.m */,
				E19AA91C183E9A6B00D65780 /* BGCoreDataController.h */,
				E19AA91D183E9A6B00D65780 /* BGCoreDataController.m */,
				E167886E187753D300501FD1 /* BMModel.h */,
				E167886F187753D300501FD1 /* BMModel.m */,
			);
			name = model;
			sourceTree = "<group>";
		};
		E197070817B1C47B00FFFD70 /* controller */ = {
			isa = PBXGroup;
			children = (
				E197070917B1C49400FFFD70 /* BGCourseListViewController.h */,
				E197070A17B1C49400FFFD70 /* BGCourseListViewController.m */,
				E197070B17B1C49400FFFD70 /* BGCourseInfoLayout.h */,
				E197070C17B1C49400FFFD70 /* BGCourseInfoLayout.m */,
				E197070D17B1C49400FFFD70 /* BGCourseInfoViewController.h */,
				E197070E17B1C49400FFFD70 /* BGCourseInfoViewController.m */,
				E1707D3118133A61009E1242 /* BGCourseAddViewController.h */,
				E1707D3218133A61009E1242 /* BGCourseAddViewController.m */,
				E197070F17B1C49400FFFD70 /* BGCourseSubjectPickerViewController.h */,
				E197071017B1C49400FFFD70 /* BGCourseSubjectPickerViewController.m */,
				E197071517B1C49400FFFD70 /* BGCriteriaListViewController.h */,
				E197071617B1C49400FFFD70 /* BGCriteriaListViewController.m */,
				E197071117B1C49400FFFD70 /* BGCriteriaInfoLayout.h */,
				E197071217B1C49400FFFD70 /* BGCriteriaInfoLayout.m */,
				E197071317B1C49400FFFD70 /* BGCriteriaInfoViewController.h */,
				E197071417B1C49400FFFD70 /* BGCriteriaInfoViewController.m */,
				E1707D3418133D93009E1242 /* BGCriteriaAddViewController.h */,
				E1707D3518133D93009E1242 /* BGCriteriaAddViewController.m */,
				E197071717B1C49400FFFD70 /* BGCriteriaTypePickerViewController.h */,
				E197071817B1C49400FFFD70 /* BGCriteriaTypePickerViewController.m */,
				E197071D17B1C49400FFFD70 /* BGAssignmentListViewController.h */,
				E197071E17B1C49400FFFD70 /* BGAssignmentListViewController.m */,
				E197071917B1C49400FFFD70 /* BGAssignmentInfoLayout.h */,
				E197071A17B1C49400FFFD70 /* BGAssignmentInfoLayout.m */,
				E197071B17B1C49400FFFD70 /* BGAssignmentInfoViewController.h */,
				E197071C17B1C49400FFFD70 /* BGAssignmentInfoViewController.m */,
				E1707D3918136137009E1242 /* BGAssignmentAddViewController.h */,
				E1707D3A18136137009E1242 /* BGAssignmentAddViewController.m */,
				E197073517B1C49700FFFD70 /* settings */,
			);
			name = controller;
			sourceTree = "<group>";
		};
		E197073517B1C49700FFFD70 /* settings */ = {
			isa = PBXGroup;
			children = (
				E197073617B1C4A300FFFD70 /* BGSettingsManager.h */,
				E197073717B1C4A300FFFD70 /* BGSettingsManager.m */,
				E197073817B1C4A300FFFD70 /* BGSettingsInfoLayout.h */,
				E197073917B1C4A300FFFD70 /* BGSettingsInfoLayout.m */,
				E197073A17B1C4A300FFFD70 /* BGSettingsViewController.h */,
				E197073B17B1C4A300FFFD70 /* BGSettingsViewController.m */,
				E197073C17B1C4A300FFFD70 /* BGAboutInfoLayout.h */,
				E197073D17B1C4A300FFFD70 /* BGAboutInfoLayout.m */,
				E197073E17B1C4A300FFFD70 /* BGAboutViewController.h */,
				E197073F17B1C4A300FFFD70 /* BGAboutViewController.m */,
				E197074017B1C4A300FFFD70 /* BGBackupViewController.h */,
				E197074117B1C4A300FFFD70 /* BGBackupViewController.m */,
				E13A75D717C1E176005CC2CD /* BGBackupManager.h */,
				E13A75D817C1E176005CC2CD /* BGBackupManager.m */,
				E13A75DA17C26D6F005CC2CD /* BGBackup.h */,
				E13A75DB17C26D70005CC2CD /* BGBackup.m */,
				E197074217B1C4A300FFFD70 /* BGHelpViewController.h */,
				E197074317B1C4A300FFFD70 /* BGHelpViewController.m */,
				E197074417B1C4A300FFFD70 /* BGSupportInfoLayout.h */,
				E197074517B1C4A300FFFD70 /* BGSupportInfoLayout.m */,
				E197074617B1C4A300FFFD70 /* BGSupportViewController.h */,
				E197074717B1C4A300FFFD70 /* BGSupportViewController.m */,
			);
			name = settings;
			sourceTree = "<group>";
		};
		E197078317B1C4DC00FFFD70 /* classes */ = {
			isa = PBXGroup;
			children = (
				E197078417B1C4E700FFFD70 /* NSManagedObject+bcString.h */,
				E197078517B1C4E700FFFD70 /* NSManagedObject+bcString.m */,
				E197078617B1C4E700FFFD70 /* NSMutableString+appendIndent.h */,
				E197078717B1C4E700FFFD70 /* NSMutableString+appendIndent.m */,
				E197078A17B1C4E700FFFD70 /* UIWebViewController.h */,
				E197078B17B1C4E700FFFD70 /* UIWebViewController.m */,
				E197078C17B1C4E700FFFD70 /* BCDShareableItem.h */,
				E197078D17B1C4E700FFFD70 /* BCDShareableItem.m */,
				E193DFCF17B2C3ED00DF6A02 /* AppiraterDelegate.h */,
				E193DFCB17B2C3A500DF6A02 /* Appirater.m */,
				E193DFCC17B2C3A600DF6A02 /* Appirater.h */,
				E1F7BDF217CD3DBF0041B14B /* NSFileManager+fileSize.h */,
				E1F7BDF317CD3DBF0041B14B /* NSFileManager+fileSize.m */,
				E192796D18775CDC00E41808 /* NSObject+introspection.h */,
				E192796E18775CDC00E41808 /* NSObject+introspection.m */,
			);
			name = classes;
			sourceTree = "<group>";
		};
		E197079817B1C4F600FFFD70 /* icons */ = {
			isa = PBXGroup;
			children = (
			);
			name = icons;
			sourceTree = "<group>";
		};
		E19707D017B1C51C00FFFD70 /* loading */ = {
			isa = PBXGroup;
			children = (
				E19707D417B1C8A800FFFD70 /* Default.png */,
				E19707D617B1C8A800FFFD70 /* Default-568h@2x.png */,
				E19707D117B1C54200FFFD70 /* Default@2x.png */,
			);
			name = loading;
			sourceTree = "<group>";
		};
/* End PBXGroup section */

/* Begin PBXNativeTarget section */
		E19706A617B1C28700FFFD70 /* breadgrader */ = {
			isa = PBXNativeTarget;
			buildConfigurationList = E19706DF17B1C28700FFFD70 /* Build configuration list for PBXNativeTarget "breadgrader" */;
			buildPhases = (
				E19706A317B1C28700FFFD70 /* Sources */,
				E19706A417B1C28700FFFD70 /* Frameworks */,
				E19706A517B1C28700FFFD70 /* Resources */,
			);
			buildRules = (
			);
			dependencies = (
			);
			name = breadgrader;
			productName = breadgrader;
			productReference = E19706A717B1C28700FFFD70 /* breadgrader.app */;
			productType = "com.apple.product-type.application";
		};
		E19706CB17B1C28700FFFD70 /* breadgraderTests */ = {
			isa = PBXNativeTarget;
			buildConfigurationList = E19706E217B1C28700FFFD70 /* Build configuration list for PBXNativeTarget "breadgraderTests" */;
			buildPhases = (
				E19706C717B1C28700FFFD70 /* Sources */,
				E19706C817B1C28700FFFD70 /* Frameworks */,
				E19706C917B1C28700FFFD70 /* Resources */,
				E19706CA17B1C28700FFFD70 /* ShellScript */,
			);
			buildRules = (
			);
			dependencies = (
				E19706D317B1C28700FFFD70 /* PBXTargetDependency */,
			);
			name = breadgraderTests;
			productName = breadgraderTests;
			productReference = E19706CC17B1C28700FFFD70 /* breadgraderTests.octest */;
			productType = "com.apple.product-type.bundle";
		};
/* End PBXNativeTarget section */

/* Begin PBXProject section */
		E197069F17B1C28700FFFD70 /* Project object */ = {
			isa = PBXProject;
			attributes = {
				CLASSPREFIX = BG;
				LastTestingUpgradeCheck = 0510;
				LastUpgradeCheck = 0460;
				ORGANIZATIONNAME = breadtech;
				TargetAttributes = {
					E19706A617B1C28700FFFD70 = {
						DevelopmentTeam = 2Y3LCA74XS;
						SystemCapabilities = {
							com.apple.InAppPurchase = {
								enabled = 0;
							};
						};
					};
				};
			};
			buildConfigurationList = E19706A217B1C28700FFFD70 /* Build configuration list for PBXProject "breadgrader" */;
			compatibilityVersion = "Xcode 3.2";
			developmentRegion = English;
			hasScannedForEncodings = 0;
			knownRegions = (
				en,
			);
			mainGroup = E197069E17B1C28700FFFD70;
			productRefGroup = E19706A817B1C28700FFFD70 /* Products */;
			projectDirPath = "";
			projectRoot = "";
			targets = (
				E19706A617B1C28700FFFD70 /* breadgrader */,
				E19706CB17B1C28700FFFD70 /* breadgraderTests */,
			);
		};
/* End PBXProject section */

/* Begin PBXResourcesBuildPhase section */
		E19706A517B1C28700FFFD70 /* Resources */ = {
			isa = PBXResourcesBuildPhase;
			buildActionMask = 2147483647;
			files = (
				E19706B717B1C28700FFFD70 /* InfoPlist.strings in Resources */,
				E186505418131FBC00A0F7EF /* doc in Resources */,
				E19707D217B1C54200FFFD70 /* Default@2x.png in Resources */,
				E19707D717B1C8A800FFFD70 /* Default.png in Resources */,
				E19707DB17B1C8A800FFFD70 /* Default-568h@2x.png in Resources */,
				E101B582187A1DB2009DB67A /* blank.png in Resources */,
				E1707D3018133626009E1242 /* Images.xcassets in Resources */,
			);
			runOnlyForDeploymentPostprocessing = 0;
		};
		E19706C917B1C28700FFFD70 /* Resources */ = {
			isa = PBXResourcesBuildPhase;
			buildActionMask = 2147483647;
			files = (
				E19706D917B1C28700FFFD70 /* InfoPlist.strings in Resources */,
				E19707D317B1C54200FFFD70 /* Default@2x.png in Resources */,
				E19707D817B1C8A800FFFD70 /* Default.png in Resources */,
				E19707DC17B1C8A800FFFD70 /* Default-568h@2x.png in Resources */,
			);
			runOnlyForDeploymentPostprocessing = 0;
		};
/* End PBXResourcesBuildPhase section */

/* Begin PBXShellScriptBuildPhase section */
		E19706CA17B1C28700FFFD70 /* ShellScript */ = {
			isa = PBXShellScriptBuildPhase;
			buildActionMask = 2147483647;
			files = (
			);
			inputPaths = (
			);
			outputPaths = (
			);
			runOnlyForDeploymentPostprocessing = 0;
			shellPath = /bin/sh;
			shellScript = "# Run the unit tests in this test bundle.\n\"${SYSTEM_DEVELOPER_DIR}/Tools/RunUnitTests\"\n";
		};
/* End PBXShellScriptBuildPhase section */

/* Begin PBXSourcesBuildPhase section */
		E19706A317B1C28700FFFD70 /* Sources */ = {
			isa = PBXSourcesBuildPhase;
			buildActionMask = 2147483647;
			files = (
				E186506118131FBC00A0F7EF /* UIBarButtonItem+borderlessButtons.m in Sources */,
				E19706B917B1C28700FFFD70 /* main.m in Sources */,
				E19706F717B1C44400FFFD70 /* Course.m in Sources */,
				E19706F917B1C44400FFFD70 /* Course+methods.m in Sources */,
				E19706FB17B1C44400FFFD70 /* Criteria.m in Sources */,
				E186506018131FBC00A0F7EF /* BIWebViewController.m in Sources */,
				E19706FD17B1C44400FFFD70 /* Criteria+methods.m in Sources */,
				E1BF74691818EBA500D0E32D /* BGGrader.m in Sources */,
				E186505C18131FBC00A0F7EF /* BIListViewController.m in Sources */,
				E1678870187753D300501FD1 /* BMModel.m in Sources */,
				E1707D3318133A61009E1242 /* BGCourseAddViewController.m in Sources */,
				E19706FF17B1C44400FFFD70 /* Assignment.m in Sources */,
				E197070117B1C44400FFFD70 /* Assignment+methods.m in Sources */,
				E186505718131FBC00A0F7EF /* BIInfoCell.m in Sources */,
				E19AA91E183E9A6B00D65780 /* BGCoreDataController.m in Sources */,
				E1707D3B18136137009E1242 /* BGAssignmentAddViewController.m in Sources */,
				E1707D2E18133524009E1242 /* UnicodeDictionary.m in Sources */,
				E197070317B1C44400FFFD70 /* BGGradeInfo.m in Sources */,
				E192796F18775CDC00E41808 /* NSObject+introspection.m in Sources */,
				E186505918131FBC00A0F7EF /* BIInfoViewController.m in Sources */,
				E197071F17B1C49400FFFD70 /* BGCourseListViewController.m in Sources */,
				E186505F18131FBC00A0F7EF /* BIViewController.m in Sources */,
				E197072117B1C49400FFFD70 /* BGCourseInfoLayout.m in Sources */,
				E197072317B1C49400FFFD70 /* BGCourseInfoViewController.m in Sources */,
				E186505A18131FBC00A0F7EF /* BIListCell.m in Sources */,
				E197072517B1C49400FFFD70 /* BGCourseSubjectPickerViewController.m in Sources */,
				E179992C18D6221C00DBCD2F /* breadgrader.xcdatamodeld in Sources */,
				E197072717B1C49400FFFD70 /* BGCriteriaInfoLayout.m in Sources */,
				E1FA5F1F18E3C4670049FC95 /* BIButton.m in Sources */,
				E197072917B1C49400FFFD70 /* BGCriteriaInfoViewController.m in Sources */,
				E197072B17B1C49400FFFD70 /* BGCriteriaListViewController.m in Sources */,
				E197072D17B1C49400FFFD70 /* BGCriteriaTypePickerViewController.m in Sources */,
				E197072F17B1C49400FFFD70 /* BGAssignmentInfoLayout.m in Sources */,
				E197073117B1C49400FFFD70 /* BGAssignmentInfoViewController.m in Sources */,
				E197073317B1C49400FFFD70 /* BGAssignmentListViewController.m in Sources */,
				E197074817B1C4A300FFFD70 /* BGSettingsManager.m in Sources */,
				E197074A17B1C4A300FFFD70 /* BGSettingsInfoLayout.m in Sources */,
				E186505618131FBC00A0F7EF /* BIColorAlertView.m in Sources */,
				E197074C17B1C4A300FFFD70 /* BGSettingsViewController.m in Sources */,
				E197074E17B1C4A300FFFD70 /* BGAboutInfoLayout.m in Sources */,
				E186505B18131FBC00A0F7EF /* BIListViewController+CoreDataFetch.m in Sources */,
				E197075017B1C4A300FFFD70 /* BGAboutViewController.m in Sources */,
				E197075217B1C4A300FFFD70 /* BGBackupViewController.m in Sources */,
				E197075417B1C4A300FFFD70 /* BGHelpViewController.m in Sources */,
				E197075617B1C4A300FFFD70 /* BGSupportInfoLayout.m in Sources */,
				E197075817B1C4A300FFFD70 /* BGSupportViewController.m in Sources */,
				E1707D3618133D93009E1242 /* BGCriteriaAddViewController.m in Sources */,
				E197078E17B1C4E700FFFD70 /* NSManagedObject+bcString.m in Sources */,
				E197079017B1C4E700FFFD70 /* NSMutableString+appendIndent.m in Sources */,
				E197079417B1C4E700FFFD70 /* UIWebViewController.m in Sources */,
				E197079617B1C4E700FFFD70 /* BCDShareableItem.m in Sources */,
				E19707E017B1C8F600FFFD70 /* BGConstants.m in Sources */,
				E186505D18131FBC00A0F7EF /* BIShareableItem.m in Sources */,
				E19707F117B1C99500FFFD70 /* BGAppDelegate.m in Sources */,
				E186505818131FBC00A0F7EF /* BIInfoLayout.m in Sources */,
				E193DFCD17B2C3A600DF6A02 /* Appirater.m in Sources */,
				E186505E18131FBC00A0F7EF /* BITableViewController.m in Sources */,
				E13A75D917C1E176005CC2CD /* BGBackupManager.m in Sources */,
				E13A75DC17C26D70005CC2CD /* BGBackup.m in Sources */,
				E1F7BDF417CD3DBF0041B14B /* NSFileManager+fileSize.m in Sources */,
			);
			runOnlyForDeploymentPostprocessing = 0;
		};
		E19706C717B1C28700FFFD70 /* Sources */ = {
			isa = PBXSourcesBuildPhase;
			buildActionMask = 2147483647;
			files = (
				E19706DC17B1C28700FFFD70 /* breadgraderTests.m in Sources */,
				E19706F817B1C44400FFFD70 /* Course.m in Sources */,
				E19706FA17B1C44400FFFD70 /* Course+methods.m in Sources */,
				E19706FC17B1C44400FFFD70 /* Criteria.m in Sources */,
				E19706FE17B1C44400FFFD70 /* Criteria+methods.m in Sources */,
				E197070017B1C44400FFFD70 /* Assignment.m in Sources */,
				E197070217B1C44400FFFD70 /* Assignment+methods.m in Sources */,
				E197070417B1C44400FFFD70 /* BGGradeInfo.m in Sources */,
				E197072017B1C49400FFFD70 /* BGCourseListViewController.m in Sources */,
				E197072217B1C49400FFFD70 /* BGCourseInfoLayout.m in Sources */,
				E197072417B1C49400FFFD70 /* BGCourseInfoViewController.m in Sources */,
				E197072617B1C49400FFFD70 /* BGCourseSubjectPickerViewController.m in Sources */,
				E197072817B1C49400FFFD70 /* BGCriteriaInfoLayout.m in Sources */,
				E197072A17B1C49400FFFD70 /* BGCriteriaInfoViewController.m in Sources */,
				E197072C17B1C49400FFFD70 /* BGCriteriaListViewController.m in Sources */,
				E197072E17B1C49400FFFD70 /* BGCriteriaTypePickerViewController.m in Sources */,
				E197073017B1C49400FFFD70 /* BGAssignmentInfoLayout.m in Sources */,
				E197073217B1C49400FFFD70 /* BGAssignmentInfoViewController.m in Sources */,
				E197073417B1C49400FFFD70 /* BGAssignmentListViewController.m in Sources */,
				E197074917B1C4A300FFFD70 /* BGSettingsManager.m in Sources */,
				E197074B17B1C4A300FFFD70 /* BGSettingsInfoLayout.m in Sources */,
				E197074D17B1C4A300FFFD70 /* BGSettingsViewController.m in Sources */,
				E197074F17B1C4A300FFFD70 /* BGAboutInfoLayout.m in Sources */,
				E197075117B1C4A300FFFD70 /* BGAboutViewController.m in Sources */,
				E197075317B1C4A300FFFD70 /* BGBackupViewController.m in Sources */,
				E197075517B1C4A300FFFD70 /* BGHelpViewController.m in Sources */,
				E197075717B1C4A300FFFD70 /* BGSupportInfoLayout.m in Sources */,
				E197075917B1C4A300FFFD70 /* BGSupportViewController.m in Sources */,
				E197078F17B1C4E700FFFD70 /* NSManagedObject+bcString.m in Sources */,
				E197079117B1C4E700FFFD70 /* NSMutableString+appendIndent.m in Sources */,
				E197079517B1C4E700FFFD70 /* UIWebViewController.m in Sources */,
				E197079717B1C4E700FFFD70 /* BCDShareableItem.m in Sources */,
				E19707E117B1C8F600FFFD70 /* BGConstants.m in Sources */,
				E19707F217B1C99500FFFD70 /* BGAppDelegate.m in Sources */,
				E193DFCE17B2C3A600DF6A02 /* Appirater.m in Sources */,
			);
			runOnlyForDeploymentPostprocessing = 0;
		};
/* End PBXSourcesBuildPhase section */

/* Begin PBXTargetDependency section */
		E19706D317B1C28700FFFD70 /* PBXTargetDependency */ = {
			isa = PBXTargetDependency;
			target = E19706A617B1C28700FFFD70 /* breadgrader */;
			targetProxy = E19706D217B1C28700FFFD70 /* PBXContainerItemProxy */;
		};
/* End PBXTargetDependency section */

/* Begin PBXVariantGroup section */
		E19706B517B1C28700FFFD70 /* InfoPlist.strings */ = {
			isa = PBXVariantGroup;
			children = (
				E19706B617B1C28700FFFD70 /* en */,
			);
			name = InfoPlist.strings;
			sourceTree = "<group>";
		};
		E19706D717B1C28700FFFD70 /* InfoPlist.strings */ = {
			isa = PBXVariantGroup;
			children = (
				E19706D817B1C28700FFFD70 /* en */,
			);
			name = InfoPlist.strings;
			sourceTree = "<group>";
		};
/* End PBXVariantGroup section */

/* Begin XCBuildConfiguration section */
		E19706DD17B1C28700FFFD70 /* Debug */ = {
			isa = XCBuildConfiguration;
			buildSettings = {
				ALWAYS_SEARCH_USER_PATHS = NO;
				CLANG_CXX_LANGUAGE_STANDARD = "gnu++0x";
				CLANG_CXX_LIBRARY = "libc++";
				CLANG_ENABLE_OBJC_ARC = YES;
				CLANG_WARN_CONSTANT_CONVERSION = YES;
				CLANG_WARN_EMPTY_BODY = YES;
				CLANG_WARN_ENUM_CONVERSION = YES;
				CLANG_WARN_INT_CONVERSION = YES;
				CLANG_WARN__DUPLICATE_METHOD_MATCH = YES;
				"CODE_SIGN_IDENTITY[sdk=iphoneos*]" = "iPhone Developer";
				COPY_PHASE_STRIP = NO;
				GCC_C_LANGUAGE_STANDARD = gnu99;
				GCC_DYNAMIC_NO_PIC = NO;
				GCC_OPTIMIZATION_LEVEL = 0;
				GCC_PREPROCESSOR_DEFINITIONS = (
					"DEBUG=1",
					"$(inherited)",
				);
				GCC_SYMBOLS_PRIVATE_EXTERN = NO;
				GCC_WARN_ABOUT_RETURN_TYPE = YES;
				GCC_WARN_UNINITIALIZED_AUTOS = YES;
				GCC_WARN_UNUSED_VARIABLE = YES;
				IPHONEOS_DEPLOYMENT_TARGET = 5.0;
				ONLY_ACTIVE_ARCH = YES;
				SDKROOT = iphoneos;
			};
			name = Debug;
		};
		E19706DE17B1C28700FFFD70 /* Release */ = {
			isa = XCBuildConfiguration;
			buildSettings = {
				ALWAYS_SEARCH_USER_PATHS = NO;
				CLANG_CXX_LANGUAGE_STANDARD = "gnu++0x";
				CLANG_CXX_LIBRARY = "libc++";
				CLANG_ENABLE_OBJC_ARC = YES;
				CLANG_WARN_CONSTANT_CONVERSION = YES;
				CLANG_WARN_EMPTY_BODY = YES;
				CLANG_WARN_ENUM_CONVERSION = YES;
				CLANG_WARN_INT_CONVERSION = YES;
				CLANG_WARN__DUPLICATE_METHOD_MATCH = YES;
				"CODE_SIGN_IDENTITY[sdk=iphoneos*]" = "iPhone Developer";
				COPY_PHASE_STRIP = YES;
				GCC_C_LANGUAGE_STANDARD = gnu99;
				GCC_WARN_ABOUT_RETURN_TYPE = YES;
				GCC_WARN_UNINITIALIZED_AUTOS = YES;
				GCC_WARN_UNUSED_VARIABLE = YES;
				IPHONEOS_DEPLOYMENT_TARGET = 5.0;
				OTHER_CFLAGS = "-DNS_BLOCK_ASSERTIONS=1";
				SDKROOT = iphoneos;
				VALIDATE_PRODUCT = YES;
			};
			name = Release;
		};
		E19706E017B1C28700FFFD70 /* Debug */ = {
			isa = XCBuildConfiguration;
			buildSettings = {
				ASSETCATALOG_COMPILER_APPICON_NAME = AppIcon;
				ASSETCATALOG_COMPILER_LAUNCHIMAGE_NAME = LaunchImage;
				CODE_SIGN_IDENTITY = "iPhone Developer";
				"CODE_SIGN_IDENTITY[sdk=iphoneos*]" = "iPhone Developer";
				FRAMEWORK_SEARCH_PATHS = (
					"$(inherited)",
					"\"$(SRCROOT)\"",
				);
				GCC_PRECOMPILE_PREFIX_HEADER = YES;
				GCC_PREFIX_HEADER = "breadgrader/breadgrader-Prefix.pch";
				INFOPLIST_FILE = "breadgrader/breadgrader-Info.plist";
				IPHONEOS_DEPLOYMENT_TARGET = 5.0;
				LIBRARY_SEARCH_PATHS = (
					"$(inherited)",
					"\"$(SRCROOT)/breadgrader\"",
				);
				OTHER_LDFLAGS = "-ObjC";
				PRODUCT_NAME = "$(TARGET_NAME)";
				PROVISIONING_PROFILE = "";
				WRAPPER_EXTENSION = app;
			};
			name = Debug;
		};
		E19706E117B1C28700FFFD70 /* Release */ = {
			isa = XCBuildConfiguration;
			buildSettings = {
				ASSETCATALOG_COMPILER_APPICON_NAME = AppIcon;
				ASSETCATALOG_COMPILER_LAUNCHIMAGE_NAME = LaunchImage;
				CODE_SIGN_IDENTITY = "iPhone Developer";
				"CODE_SIGN_IDENTITY[sdk=iphoneos*]" = "iPhone Developer";
				FRAMEWORK_SEARCH_PATHS = (
					"$(inherited)",
					"\"$(SRCROOT)\"",
				);
				GCC_PRECOMPILE_PREFIX_HEADER = YES;
				GCC_PREFIX_HEADER = "breadgrader/breadgrader-Prefix.pch";
				INFOPLIST_FILE = "breadgrader/breadgrader-Info.plist";
				IPHONEOS_DEPLOYMENT_TARGET = 5.0;
				LIBRARY_SEARCH_PATHS = (
					"$(inherited)",
					"\"$(SRCROOT)/breadgrader\"",
				);
				OTHER_LDFLAGS = "-ObjC";
				PRODUCT_NAME = "$(TARGET_NAME)";
				PROVISIONING_PROFILE = "";
				"PROVISIONING_PROFILE[sdk=iphoneos*]" = "";
				WRAPPER_EXTENSION = app;
			};
			name = Release;
		};
		E19706E317B1C28700FFFD70 /* Debug */ = {
			isa = XCBuildConfiguration;
			buildSettings = {
				BUNDLE_LOADER = "$(BUILT_PRODUCTS_DIR)/breadgrader.app/breadgrader";
				FRAMEWORK_SEARCH_PATHS = (
					"\"$(SDKROOT)/Developer/Library/Frameworks\"",
					"\"$(DEVELOPER_LIBRARY_DIR)/Frameworks\"",
					"\"$(SRCROOT)\"",
				);
				GCC_PRECOMPILE_PREFIX_HEADER = YES;
				GCC_PREFIX_HEADER = "breadgrader/breadgrader-Prefix.pch";
				INFOPLIST_FILE = "breadgraderTests/breadgraderTests-Info.plist";
				LIBRARY_SEARCH_PATHS = (
					"$(inherited)",
					"\"$(SRCROOT)/breadgrader\"",
				);
				PRODUCT_NAME = "$(TARGET_NAME)";
				TEST_HOST = "$(BUNDLE_LOADER)";
				WRAPPER_EXTENSION = octest;
			};
			name = Debug;
		};
		E19706E417B1C28700FFFD70 /* Release */ = {
			isa = XCBuildConfiguration;
			buildSettings = {
				BUNDLE_LOADER = "$(BUILT_PRODUCTS_DIR)/breadgrader.app/breadgrader";
				FRAMEWORK_SEARCH_PATHS = (
					"\"$(SDKROOT)/Developer/Library/Frameworks\"",
					"\"$(DEVELOPER_LIBRARY_DIR)/Frameworks\"",
					"\"$(SRCROOT)\"",
				);
				GCC_PRECOMPILE_PREFIX_HEADER = YES;
				GCC_PREFIX_HEADER = "breadgrader/breadgrader-Prefix.pch";
				INFOPLIST_FILE = "breadgraderTests/breadgraderTests-Info.plist";
				LIBRARY_SEARCH_PATHS = (
					"$(inherited)",
					"\"$(SRCROOT)/breadgrader\"",
				);
				PRODUCT_NAME = "$(TARGET_NAME)";
				TEST_HOST = "$(BUNDLE_LOADER)";
				WRAPPER_EXTENSION = octest;
			};
			name = Release;
		};
/* End XCBuildConfiguration section */

/* Begin XCConfigurationList section */
		E19706A217B1C28700FFFD70 /* Build configuration list for PBXProject "breadgrader" */ = {
			isa = XCConfigurationList;
			buildConfigurations = (
				E19706DD17B1C28700FFFD70 /* Debug */,
				E19706DE17B1C28700FFFD70 /* Release */,
			);
			defaultConfigurationIsVisible = 0;
			defaultConfigurationName = Release;
		};
		E19706DF17B1C28700FFFD70 /* Build configuration list for PBXNativeTarget "breadgrader" */ = {
			isa = XCConfigurationList;
			buildConfigurations = (
				E19706E017B1C28700FFFD70 /* Debug */,
				E19706E117B1C28700FFFD70 /* Release */,
			);
			defaultConfigurationIsVisible = 0;
			defaultConfigurationName = Release;
		};
		E19706E217B1C28700FFFD70 /* Build configuration list for PBXNativeTarget "breadgraderTests" */ = {
			isa = XCConfigurationList;
			buildConfigurations = (
				E19706E317B1C28700FFFD70 /* Debug */,
				E19706E417B1C28700FFFD70 /* Release */,
			);
			defaultConfigurationIsVisible = 0;
			defaultConfigurationName = Release;
		};
/* End XCConfigurationList section */

/* Begin XCVersionGroup section */
		E179992918D6221C00DBCD2F /* breadgrader.xcdatamodeld */ = {
			isa = XCVersionGroup;
			children = (
				E179992A18D6221C00DBCD2F /* breadgrader 2.xcdatamodel */,
				E179992B18D6221C00DBCD2F /* breadgrader.xcdatamodel */,
			);
			currentVersion = E179992A18D6221C00DBCD2F /* breadgrader 2.xcdatamodel */;
			path = breadgrader.xcdatamodeld;
			sourceTree = "<group>";
			versionGroupType = wrapper.xcdatamodel;
		};
/* End XCVersionGroup section */
	};
	rootObject = E197069F17B1C28700FFFD70 /* Project object */;
}
